// !$*UTF8*$!
{
	archiveVersion = 1;
	classes = {
	};
	objectVersion = 56;
	objects = {

/* Begin PBXBuildFile section */
		0210C63D29AA001C001DAD74 /* Diploma_2023App.swift in Sources */ = {isa = PBXBuildFile; fileRef = 0210C63C29AA001C001DAD74 /* Diploma_2023App.swift */; };
		0210C64129AA001E001DAD74 /* Assets.xcassets in Resources */ = {isa = PBXBuildFile; fileRef = 0210C64029AA001E001DAD74 /* Assets.xcassets */; };
		0210C64429AA001E001DAD74 /* Preview Assets.xcassets in Resources */ = {isa = PBXBuildFile; fileRef = 0210C64329AA001E001DAD74 /* Preview Assets.xcassets */; };
		0210C64B29AA6A53001DAD74 /* TabBarView.swift in Sources */ = {isa = PBXBuildFile; fileRef = 0210C64A29AA6A53001DAD74 /* TabBarView.swift */; };
		0210C64D29AA6B84001DAD74 /* TodayView.swift in Sources */ = {isa = PBXBuildFile; fileRef = 0210C64C29AA6B84001DAD74 /* TodayView.swift */; };
		0210C64F29AA6B93001DAD74 /* ClientsView.swift in Sources */ = {isa = PBXBuildFile; fileRef = 0210C64E29AA6B93001DAD74 /* ClientsView.swift */; };
		0210C65129AA6BA5001DAD74 /* ExerciseView.swift in Sources */ = {isa = PBXBuildFile; fileRef = 0210C65029AA6BA5001DAD74 /* ExerciseView.swift */; };
		0210C65329AA6BBB001DAD74 /* TrainingPlansView.swift in Sources */ = {isa = PBXBuildFile; fileRef = 0210C65229AA6BBB001DAD74 /* TrainingPlansView.swift */; };
		0210C65529AA6BC4001DAD74 /* FoodPlansView.swift in Sources */ = {isa = PBXBuildFile; fileRef = 0210C65429AA6BC4001DAD74 /* FoodPlansView.swift */; };
		0210C65729AA6C3A001DAD74 /* MeasurementsView.swift in Sources */ = {isa = PBXBuildFile; fileRef = 0210C65629AA6C3A001DAD74 /* MeasurementsView.swift */; };
		0210C65929AA6C54001DAD74 /* ProgressPhotosView.swift in Sources */ = {isa = PBXBuildFile; fileRef = 0210C65829AA6C54001DAD74 /* ProgressPhotosView.swift */; };
		0210C65B29AA6C62001DAD74 /* WhiteboardView.swift in Sources */ = {isa = PBXBuildFile; fileRef = 0210C65A29AA6C62001DAD74 /* WhiteboardView.swift */; };
		0210C65E29AA74F2001DAD74 /* SwiftUIX in Frameworks */ = {isa = PBXBuildFile; productRef = 0210C65D29AA74F2001DAD74 /* SwiftUIX */; };
		0210C66229B9EAAB001DAD74 /* RotationViewModifier.swift in Sources */ = {isa = PBXBuildFile; fileRef = 0210C66129B9EAAB001DAD74 /* RotationViewModifier.swift */; };
		0210C66429BA6A10001DAD74 /* TestModel.swift in Sources */ = {isa = PBXBuildFile; fileRef = 0210C66329BA6A10001DAD74 /* TestModel.swift */; };
		0210C66D29BB41A7001DAD74 /* ClientsViewModel.swift in Sources */ = {isa = PBXBuildFile; fileRef = 0210C66C29BB41A7001DAD74 /* ClientsViewModel.swift */; };
		023BA4BF29D3024600241B2B /* AnyViews.swift in Sources */ = {isa = PBXBuildFile; fileRef = 023BA4BE29D3024600241B2B /* AnyViews.swift */; };
		023BA4C129D4320C00241B2B /* Headers.swift in Sources */ = {isa = PBXBuildFile; fileRef = 023BA4C029D4320C00241B2B /* Headers.swift */; };
		023BA4C329D48A1000241B2B /* MezocycleDetailView.swift in Sources */ = {isa = PBXBuildFile; fileRef = 023BA4C229D48A1000241B2B /* MezocycleDetailView.swift */; };
		023BA4C529D4A85400241B2B /* GHListView.swift in Sources */ = {isa = PBXBuildFile; fileRef = 023BA4C429D4A85400241B2B /* GHListView.swift */; };
		023BA4CB29D4CC6100241B2B /* LargeCardView.swift in Sources */ = {isa = PBXBuildFile; fileRef = 023BA4CA29D4CC6100241B2B /* LargeCardView.swift */; };
		023BA4CD29D4CCA000241B2B /* MediumCardView.swift in Sources */ = {isa = PBXBuildFile; fileRef = 023BA4CC29D4CCA000241B2B /* MediumCardView.swift */; };
		023BA4CF29D4E25900241B2B /* StaticPhaseSheetView.swift in Sources */ = {isa = PBXBuildFile; fileRef = 023BA4CE29D4E25900241B2B /* StaticPhaseSheetView.swift */; };
		023BA4D429D731BD00241B2B /* PhaseSheetString.swift in Sources */ = {isa = PBXBuildFile; fileRef = 023BA4D329D731BD00241B2B /* PhaseSheetString.swift */; };
		0243FB7029BC0188003ECC8C /* MockDataModel.swift in Sources */ = {isa = PBXBuildFile; fileRef = 0243FB6F29BC0188003ECC8C /* MockDataModel.swift */; };
		0243FB7229C0DC9F003ECC8C /* NavigationSplitViewThreeColumn.swift in Sources */ = {isa = PBXBuildFile; fileRef = 0243FB7129C0DC9F003ECC8C /* NavigationSplitViewThreeColumn.swift */; };
		02770C252A1931DD00BEE9BD /* NewPhaseTemplateView.swift in Sources */ = {isa = PBXBuildFile; fileRef = 02770C242A1931DD00BEE9BD /* NewPhaseTemplateView.swift */; };
		02770C292A1999D200BEE9BD /* NewPhaseSheetView.swift in Sources */ = {isa = PBXBuildFile; fileRef = 02770C282A1999D200BEE9BD /* NewPhaseSheetView.swift */; };
		02817F7529EE945E0038C658 /* AuthenticationService.swift in Sources */ = {isa = PBXBuildFile; fileRef = 02817F7429EE945E0038C658 /* AuthenticationService.swift */; };
		02817F7729EE94770038C658 /* AppDependencyContainer.swift in Sources */ = {isa = PBXBuildFile; fileRef = 02817F7629EE94770038C658 /* AppDependencyContainer.swift */; };
		02817F7B29EE94DF0038C658 /* AccountDataStore.swift in Sources */ = {isa = PBXBuildFile; fileRef = 02817F7A29EE94DF0038C658 /* AccountDataStore.swift */; };
		02817F8029EE95140038C658 /* ClientsDataStore.swift in Sources */ = {isa = PBXBuildFile; fileRef = 02817F7F29EE95140038C658 /* ClientsDataStore.swift */; };
		02817F8429EE95C00038C658 /* ClientRepository.swift in Sources */ = {isa = PBXBuildFile; fileRef = 02817F8329EE95C00038C658 /* ClientRepository.swift */; };
		02817F8629EE95E50038C658 /* FirestoreClientRepository.swift in Sources */ = {isa = PBXBuildFile; fileRef = 02817F8529EE95E50038C658 /* FirestoreClientRepository.swift */; };
		02817F8829EF1C8D0038C658 /* AccountView.swift in Sources */ = {isa = PBXBuildFile; fileRef = 02817F8729EF1C8D0038C658 /* AccountView.swift */; };
		02817F8A29EF1FDE0038C658 /* AccountRepository.swift in Sources */ = {isa = PBXBuildFile; fileRef = 02817F8929EF1FDE0038C658 /* AccountRepository.swift */; };
		02817F8C29EF21620038C658 /* FirestoreAccountRepository.swift in Sources */ = {isa = PBXBuildFile; fileRef = 02817F8B29EF21620038C658 /* FirestoreAccountRepository.swift */; };
		02C49A8129DEE67600298E13 /* SignUpView.swift in Sources */ = {isa = PBXBuildFile; fileRef = 02C49A8029DEE67600298E13 /* SignUpView.swift */; };
		02C49A8329E0BB4C00298E13 /* SignInView.swift in Sources */ = {isa = PBXBuildFile; fileRef = 02C49A8229E0BB4C00298E13 /* SignInView.swift */; };
		02C49A8A29EAEAEB00298E13 /* Authentication.swift in Sources */ = {isa = PBXBuildFile; fileRef = 02C49A8929EAEAEB00298E13 /* Authentication.swift */; };
		02D26F6229CF8557000A49E0 /* GGridListView.swift in Sources */ = {isa = PBXBuildFile; fileRef = 02D26F6129CF8557000A49E0 /* GGridListView.swift */; };
		02D3BE2D2A1AE8A9007406EE /* PhaseSheetView.swift in Sources */ = {isa = PBXBuildFile; fileRef = 02D3BE2C2A1AE8A9007406EE /* PhaseSheetView.swift */; };
		02D3BE302A1B3916007406EE /* Extensions.swift in Sources */ = {isa = PBXBuildFile; fileRef = 02D3BE2F2A1B3916007406EE /* Extensions.swift */; };
		02D3BE332A1B78E8007406EE /* PhaseBuilders.swift in Sources */ = {isa = PBXBuildFile; fileRef = 02D3BE322A1B78E8007406EE /* PhaseBuilders.swift */; };
		02D3BE352A1BA484007406EE /* MezocycleView.swift in Sources */ = {isa = PBXBuildFile; fileRef = 02D3BE342A1BA484007406EE /* MezocycleView.swift */; };
		02D3BE372A1BC9BB007406EE /* NewMezocycleView.swift in Sources */ = {isa = PBXBuildFile; fileRef = 02D3BE362A1BC9BB007406EE /* NewMezocycleView.swift */; };
		02D3BE392A1FFF88007406EE /* Client.swift in Sources */ = {isa = PBXBuildFile; fileRef = 02D3BE382A1FFF88007406EE /* Client.swift */; };
		02D3BE3B2A1FFFD1007406EE /* TrainingPlans.swift in Sources */ = {isa = PBXBuildFile; fileRef = 02D3BE3A2A1FFFD1007406EE /* TrainingPlans.swift */; };
		02D3BE3D2A20A5E6007406EE /* SelectiveGridListView.swift in Sources */ = {isa = PBXBuildFile; fileRef = 02D3BE3C2A20A5E6007406EE /* SelectiveGridListView.swift */; };
		02D3BE3F2A20B70E007406EE /* MezoBuilders.swift in Sources */ = {isa = PBXBuildFile; fileRef = 02D3BE3E2A20B70E007406EE /* MezoBuilders.swift */; };
		02D5906329C35AFD007C6AAB /* ClientDetailView.swift in Sources */ = {isa = PBXBuildFile; fileRef = 02D5906229C35AFD007C6AAB /* ClientDetailView.swift */; };
		02D5906529C36917007C6AAB /* AppDetailView.swift in Sources */ = {isa = PBXBuildFile; fileRef = 02D5906429C36917007C6AAB /* AppDetailView.swift */; };
		02D5906729C4F41B007C6AAB /* InfoRowView.swift in Sources */ = {isa = PBXBuildFile; fileRef = 02D5906629C4F41B007C6AAB /* InfoRowView.swift */; };
		02D5906F29C607C8007C6AAB /* NavigationSplitViewThreeX.swift in Sources */ = {isa = PBXBuildFile; fileRef = 02D5906E29C607C8007C6AAB /* NavigationSplitViewThreeX.swift */; };
		02D5907329C766F7007C6AAB /* SearchBar.swift in Sources */ = {isa = PBXBuildFile; fileRef = 02D5907229C766F7007C6AAB /* SearchBar.swift */; };
		02D5907629C7684C007C6AAB /* ExerciseDetailView.swift in Sources */ = {isa = PBXBuildFile; fileRef = 02D5907529C7684C007C6AAB /* ExerciseDetailView.swift */; };
		02D5908029C7A795007C6AAB /* MockSideBar.swift in Sources */ = {isa = PBXBuildFile; fileRef = 02D5907F29C7A795007C6AAB /* MockSideBar.swift */; };
		02E0BCBE2A20C760007B5CEF /* AccountTabView.swift in Sources */ = {isa = PBXBuildFile; fileRef = 02E0BCBD2A20C760007B5CEF /* AccountTabView.swift */; };
		02E9FCB229F04B7B000662D5 /* CategoryDataStore.swift in Sources */ = {isa = PBXBuildFile; fileRef = 02E9FCB129F04B7B000662D5 /* CategoryDataStore.swift */; };
		02E9FCB429F04BA1000662D5 /* FirestoreCategoryRepository.swift in Sources */ = {isa = PBXBuildFile; fileRef = 02E9FCB329F04BA1000662D5 /* FirestoreCategoryRepository.swift */; };
		02E9FCB629F04BAA000662D5 /* CategoryRepository.swift in Sources */ = {isa = PBXBuildFile; fileRef = 02E9FCB529F04BAA000662D5 /* CategoryRepository.swift */; };
		02E9FCBC29F33534000662D5 /* ExercisesDataStore.swift in Sources */ = {isa = PBXBuildFile; fileRef = 02E9FCBB29F33534000662D5 /* ExercisesDataStore.swift */; };
		02E9FCBE29F3358A000662D5 /* PhasesDataStore.swift in Sources */ = {isa = PBXBuildFile; fileRef = 02E9FCBD29F3358A000662D5 /* PhasesDataStore.swift */; };
		02E9FCC029F335B1000662D5 /* MezocycleDataStore.swift in Sources */ = {isa = PBXBuildFile; fileRef = 02E9FCBF29F335B1000662D5 /* MezocycleDataStore.swift */; };
		02E9FCC229F335C4000662D5 /* ExerciseRepository.swift in Sources */ = {isa = PBXBuildFile; fileRef = 02E9FCC129F335C4000662D5 /* ExerciseRepository.swift */; };
		02E9FCC529F335DE000662D5 /* PhasesRepository.swift in Sources */ = {isa = PBXBuildFile; fileRef = 02E9FCC429F335DE000662D5 /* PhasesRepository.swift */; };
		02E9FCC729F335EE000662D5 /* MezocycleRepository.swift in Sources */ = {isa = PBXBuildFile; fileRef = 02E9FCC629F335EE000662D5 /* MezocycleRepository.swift */; };
		02E9FCC929F41A50000662D5 /* FirestoreExerciseRepository.swift in Sources */ = {isa = PBXBuildFile; fileRef = 02E9FCC829F41A50000662D5 /* FirestoreExerciseRepository.swift */; };
		02E9FCCB29F41AED000662D5 /* FirestorePhasesRepository.swift in Sources */ = {isa = PBXBuildFile; fileRef = 02E9FCCA29F41AED000662D5 /* FirestorePhasesRepository.swift */; };
		02E9FCCD29F41AFF000662D5 /* FirestoreMezocycleRepository.swift in Sources */ = {isa = PBXBuildFile; fileRef = 02E9FCCC29F41AFF000662D5 /* FirestoreMezocycleRepository.swift */; };
		02E9FCCF29F586CB000662D5 /* SmallCardView.swift in Sources */ = {isa = PBXBuildFile; fileRef = 02E9FCCE29F586CB000662D5 /* SmallCardView.swift */; };
		02E9FCD229F83D6F000662D5 /* NewClientView.swift in Sources */ = {isa = PBXBuildFile; fileRef = 02E9FCD129F83D6F000662D5 /* NewClientView.swift */; };
		02E9FCD429F9197F000662D5 /* SideBar.swift in Sources */ = {isa = PBXBuildFile; fileRef = 02E9FCD329F9197E000662D5 /* SideBar.swift */; };
		02E9FCDC29FD729D000662D5 /* FirebaseStorageImageDataStore.swift in Sources */ = {isa = PBXBuildFile; fileRef = 02E9FCDB29FD729D000662D5 /* FirebaseStorageImageDataStore.swift */; };
		02E9FCDE29FDB91C000662D5 /* EditClientView.swift in Sources */ = {isa = PBXBuildFile; fileRef = 02E9FCDD29FDB91C000662D5 /* EditClientView.swift */; };
		02E9FCE129FFBB94000662D5 /* NewExerciseView.swift in Sources */ = {isa = PBXBuildFile; fileRef = 02E9FCE029FFBB94000662D5 /* NewExerciseView.swift */; };
		02E9FCE329FFBBA3000662D5 /* EditExerciseView.swift in Sources */ = {isa = PBXBuildFile; fileRef = 02E9FCE229FFBBA3000662D5 /* EditExerciseView.swift */; };
		02F06DF729DA10A4008032B5 /* CustomTextEditorCell.swift in Sources */ = {isa = PBXBuildFile; fileRef = 02F06DF629DA10A4008032B5 /* CustomTextEditorCell.swift */; };
		02F06DF929DB8021008032B5 /* GoogleService-Info.plist in Resources */ = {isa = PBXBuildFile; fileRef = 02F06DF829DB8021008032B5 /* GoogleService-Info.plist */; };
		02F06E0029DB8446008032B5 /* FirebaseAuth in Frameworks */ = {isa = PBXBuildFile; productRef = 02F06DFF29DB8446008032B5 /* FirebaseAuth */; };
		02F06E0229DB8446008032B5 /* FirebaseDatabase in Frameworks */ = {isa = PBXBuildFile; productRef = 02F06E0129DB8446008032B5 /* FirebaseDatabase */; };
		02F06E0429DB8446008032B5 /* FirebaseDatabaseSwift in Frameworks */ = {isa = PBXBuildFile; productRef = 02F06E0329DB8446008032B5 /* FirebaseDatabaseSwift */; };
		02F06E0629DB8446008032B5 /* FirebaseFirestore in Frameworks */ = {isa = PBXBuildFile; productRef = 02F06E0529DB8446008032B5 /* FirebaseFirestore */; };
		02F06E0829DB8446008032B5 /* FirebaseFirestoreSwift in Frameworks */ = {isa = PBXBuildFile; productRef = 02F06E0729DB8446008032B5 /* FirebaseFirestoreSwift */; };
		02F06E0C29DB8446008032B5 /* FirebaseInstallations in Frameworks */ = {isa = PBXBuildFile; productRef = 02F06E0B29DB8446008032B5 /* FirebaseInstallations */; };
		02F06E0E29DB8446008032B5 /* FirebaseStorage in Frameworks */ = {isa = PBXBuildFile; productRef = 02F06E0D29DB8446008032B5 /* FirebaseStorage */; };
		02F06E1029DC59CF008032B5 /* DataModels.swift in Sources */ = {isa = PBXBuildFile; fileRef = 02F06E0F29DC59CF008032B5 /* DataModels.swift */; };
		02F06E1229DC7905008032B5 /* Repositories.swift in Sources */ = {isa = PBXBuildFile; fileRef = 02F06E1129DC7905008032B5 /* Repositories.swift */; };
/* End PBXBuildFile section */

/* Begin PBXFileReference section */
		0210C63929AA001C001DAD74 /* Diploma_2023.app */ = {isa = PBXFileReference; explicitFileType = wrapper.application; includeInIndex = 0; path = Diploma_2023.app; sourceTree = BUILT_PRODUCTS_DIR; };
		0210C63C29AA001C001DAD74 /* Diploma_2023App.swift */ = {isa = PBXFileReference; lastKnownFileType = sourcecode.swift; path = Diploma_2023App.swift; sourceTree = "<group>"; };
		0210C64029AA001E001DAD74 /* Assets.xcassets */ = {isa = PBXFileReference; lastKnownFileType = folder.assetcatalog; path = Assets.xcassets; sourceTree = "<group>"; };
		0210C64329AA001E001DAD74 /* Preview Assets.xcassets */ = {isa = PBXFileReference; lastKnownFileType = folder.assetcatalog; path = "Preview Assets.xcassets"; sourceTree = "<group>"; };
		0210C64A29AA6A53001DAD74 /* TabBarView.swift */ = {isa = PBXFileReference; lastKnownFileType = sourcecode.swift; path = TabBarView.swift; sourceTree = "<group>"; };
		0210C64C29AA6B84001DAD74 /* TodayView.swift */ = {isa = PBXFileReference; lastKnownFileType = sourcecode.swift; path = TodayView.swift; sourceTree = "<group>"; };
		0210C64E29AA6B93001DAD74 /* ClientsView.swift */ = {isa = PBXFileReference; lastKnownFileType = sourcecode.swift; path = ClientsView.swift; sourceTree = "<group>"; };
		0210C65029AA6BA5001DAD74 /* ExerciseView.swift */ = {isa = PBXFileReference; lastKnownFileType = sourcecode.swift; path = ExerciseView.swift; sourceTree = "<group>"; };
		0210C65229AA6BBB001DAD74 /* TrainingPlansView.swift */ = {isa = PBXFileReference; lastKnownFileType = sourcecode.swift; path = TrainingPlansView.swift; sourceTree = "<group>"; };
		0210C65429AA6BC4001DAD74 /* FoodPlansView.swift */ = {isa = PBXFileReference; lastKnownFileType = sourcecode.swift; path = FoodPlansView.swift; sourceTree = "<group>"; };
		0210C65629AA6C3A001DAD74 /* MeasurementsView.swift */ = {isa = PBXFileReference; lastKnownFileType = sourcecode.swift; path = MeasurementsView.swift; sourceTree = "<group>"; };
		0210C65829AA6C54001DAD74 /* ProgressPhotosView.swift */ = {isa = PBXFileReference; lastKnownFileType = sourcecode.swift; path = ProgressPhotosView.swift; sourceTree = "<group>"; };
		0210C65A29AA6C62001DAD74 /* WhiteboardView.swift */ = {isa = PBXFileReference; lastKnownFileType = sourcecode.swift; path = WhiteboardView.swift; sourceTree = "<group>"; };
		0210C66129B9EAAB001DAD74 /* RotationViewModifier.swift */ = {isa = PBXFileReference; lastKnownFileType = sourcecode.swift; path = RotationViewModifier.swift; sourceTree = "<group>"; };
		0210C66329BA6A10001DAD74 /* TestModel.swift */ = {isa = PBXFileReference; lastKnownFileType = sourcecode.swift; path = TestModel.swift; sourceTree = "<group>"; };
		0210C66C29BB41A7001DAD74 /* ClientsViewModel.swift */ = {isa = PBXFileReference; lastKnownFileType = sourcecode.swift; path = ClientsViewModel.swift; sourceTree = "<group>"; };
		023BA4BE29D3024600241B2B /* AnyViews.swift */ = {isa = PBXFileReference; lastKnownFileType = sourcecode.swift; path = AnyViews.swift; sourceTree = "<group>"; };
		023BA4C029D4320C00241B2B /* Headers.swift */ = {isa = PBXFileReference; lastKnownFileType = sourcecode.swift; path = Headers.swift; sourceTree = "<group>"; };
		023BA4C229D48A1000241B2B /* MezocycleDetailView.swift */ = {isa = PBXFileReference; lastKnownFileType = sourcecode.swift; path = MezocycleDetailView.swift; sourceTree = "<group>"; };
		023BA4C429D4A85400241B2B /* GHListView.swift */ = {isa = PBXFileReference; lastKnownFileType = sourcecode.swift; path = GHListView.swift; sourceTree = "<group>"; };
		023BA4CA29D4CC6100241B2B /* LargeCardView.swift */ = {isa = PBXFileReference; lastKnownFileType = sourcecode.swift; path = LargeCardView.swift; sourceTree = "<group>"; };
		023BA4CC29D4CCA000241B2B /* MediumCardView.swift */ = {isa = PBXFileReference; lastKnownFileType = sourcecode.swift; path = MediumCardView.swift; sourceTree = "<group>"; };
		023BA4CE29D4E25900241B2B /* StaticPhaseSheetView.swift */ = {isa = PBXFileReference; lastKnownFileType = sourcecode.swift; path = StaticPhaseSheetView.swift; sourceTree = "<group>"; };
		023BA4D329D731BD00241B2B /* PhaseSheetString.swift */ = {isa = PBXFileReference; lastKnownFileType = sourcecode.swift; path = PhaseSheetString.swift; sourceTree = "<group>"; };
		0243FB6F29BC0188003ECC8C /* MockDataModel.swift */ = {isa = PBXFileReference; lastKnownFileType = sourcecode.swift; path = MockDataModel.swift; sourceTree = "<group>"; };
		0243FB7129C0DC9F003ECC8C /* NavigationSplitViewThreeColumn.swift */ = {isa = PBXFileReference; lastKnownFileType = sourcecode.swift; path = NavigationSplitViewThreeColumn.swift; sourceTree = "<group>"; };
		02770C242A1931DD00BEE9BD /* NewPhaseTemplateView.swift */ = {isa = PBXFileReference; lastKnownFileType = sourcecode.swift; path = NewPhaseTemplateView.swift; sourceTree = "<group>"; };
		02770C282A1999D200BEE9BD /* NewPhaseSheetView.swift */ = {isa = PBXFileReference; lastKnownFileType = sourcecode.swift; path = NewPhaseSheetView.swift; sourceTree = "<group>"; };
		02817F7429EE945E0038C658 /* AuthenticationService.swift */ = {isa = PBXFileReference; lastKnownFileType = sourcecode.swift; path = AuthenticationService.swift; sourceTree = "<group>"; };
		02817F7629EE94770038C658 /* AppDependencyContainer.swift */ = {isa = PBXFileReference; lastKnownFileType = sourcecode.swift; path = AppDependencyContainer.swift; sourceTree = "<group>"; };
		02817F7A29EE94DF0038C658 /* AccountDataStore.swift */ = {isa = PBXFileReference; lastKnownFileType = sourcecode.swift; path = AccountDataStore.swift; sourceTree = "<group>"; };
		02817F7F29EE95140038C658 /* ClientsDataStore.swift */ = {isa = PBXFileReference; lastKnownFileType = sourcecode.swift; path = ClientsDataStore.swift; sourceTree = "<group>"; };
		02817F8329EE95C00038C658 /* ClientRepository.swift */ = {isa = PBXFileReference; lastKnownFileType = sourcecode.swift; path = ClientRepository.swift; sourceTree = "<group>"; };
		02817F8529EE95E50038C658 /* FirestoreClientRepository.swift */ = {isa = PBXFileReference; lastKnownFileType = sourcecode.swift; path = FirestoreClientRepository.swift; sourceTree = "<group>"; };
		02817F8729EF1C8D0038C658 /* AccountView.swift */ = {isa = PBXFileReference; lastKnownFileType = sourcecode.swift; path = AccountView.swift; sourceTree = "<group>"; };
		02817F8929EF1FDE0038C658 /* AccountRepository.swift */ = {isa = PBXFileReference; lastKnownFileType = sourcecode.swift; path = AccountRepository.swift; sourceTree = "<group>"; };
		02817F8B29EF21620038C658 /* FirestoreAccountRepository.swift */ = {isa = PBXFileReference; lastKnownFileType = sourcecode.swift; path = FirestoreAccountRepository.swift; sourceTree = "<group>"; };
		02C49A8029DEE67600298E13 /* SignUpView.swift */ = {isa = PBXFileReference; lastKnownFileType = sourcecode.swift; path = SignUpView.swift; sourceTree = "<group>"; };
		02C49A8229E0BB4C00298E13 /* SignInView.swift */ = {isa = PBXFileReference; lastKnownFileType = sourcecode.swift; path = SignInView.swift; sourceTree = "<group>"; };
		02C49A8929EAEAEB00298E13 /* Authentication.swift */ = {isa = PBXFileReference; lastKnownFileType = sourcecode.swift; path = Authentication.swift; sourceTree = "<group>"; };
		02D26F6129CF8557000A49E0 /* GGridListView.swift */ = {isa = PBXFileReference; lastKnownFileType = sourcecode.swift; path = GGridListView.swift; sourceTree = "<group>"; };
		02D3BE2C2A1AE8A9007406EE /* PhaseSheetView.swift */ = {isa = PBXFileReference; lastKnownFileType = sourcecode.swift; path = PhaseSheetView.swift; sourceTree = "<group>"; };
		02D3BE2F2A1B3916007406EE /* Extensions.swift */ = {isa = PBXFileReference; lastKnownFileType = sourcecode.swift; path = Extensions.swift; sourceTree = "<group>"; };
		02D3BE322A1B78E8007406EE /* PhaseBuilders.swift */ = {isa = PBXFileReference; lastKnownFileType = sourcecode.swift; path = PhaseBuilders.swift; sourceTree = "<group>"; };
		02D3BE342A1BA484007406EE /* MezocycleView.swift */ = {isa = PBXFileReference; lastKnownFileType = sourcecode.swift; path = MezocycleView.swift; sourceTree = "<group>"; };
		02D3BE362A1BC9BB007406EE /* NewMezocycleView.swift */ = {isa = PBXFileReference; lastKnownFileType = sourcecode.swift; path = NewMezocycleView.swift; sourceTree = "<group>"; };
		02D3BE382A1FFF88007406EE /* Client.swift */ = {isa = PBXFileReference; lastKnownFileType = sourcecode.swift; path = Client.swift; sourceTree = "<group>"; };
		02D3BE3A2A1FFFD1007406EE /* TrainingPlans.swift */ = {isa = PBXFileReference; lastKnownFileType = sourcecode.swift; path = TrainingPlans.swift; sourceTree = "<group>"; };
		02D3BE3C2A20A5E6007406EE /* SelectiveGridListView.swift */ = {isa = PBXFileReference; lastKnownFileType = sourcecode.swift; path = SelectiveGridListView.swift; sourceTree = "<group>"; };
		02D3BE3E2A20B70E007406EE /* MezoBuilders.swift */ = {isa = PBXFileReference; lastKnownFileType = sourcecode.swift; path = MezoBuilders.swift; sourceTree = "<group>"; };
		02D5906229C35AFD007C6AAB /* ClientDetailView.swift */ = {isa = PBXFileReference; lastKnownFileType = sourcecode.swift; path = ClientDetailView.swift; sourceTree = "<group>"; };
		02D5906429C36917007C6AAB /* AppDetailView.swift */ = {isa = PBXFileReference; lastKnownFileType = sourcecode.swift; path = AppDetailView.swift; sourceTree = "<group>"; };
		02D5906629C4F41B007C6AAB /* InfoRowView.swift */ = {isa = PBXFileReference; lastKnownFileType = sourcecode.swift; path = InfoRowView.swift; sourceTree = "<group>"; };
		02D5906E29C607C8007C6AAB /* NavigationSplitViewThreeX.swift */ = {isa = PBXFileReference; lastKnownFileType = sourcecode.swift; path = NavigationSplitViewThreeX.swift; sourceTree = "<group>"; };
		02D5907129C74081007C6AAB /* ThreeColumnSplitLayout.swift */ = {isa = PBXFileReference; lastKnownFileType = sourcecode.swift; path = ThreeColumnSplitLayout.swift; sourceTree = "<group>"; };
		02D5907229C766F7007C6AAB /* SearchBar.swift */ = {isa = PBXFileReference; lastKnownFileType = sourcecode.swift; path = SearchBar.swift; sourceTree = "<group>"; };
		02D5907529C7684C007C6AAB /* ExerciseDetailView.swift */ = {isa = PBXFileReference; lastKnownFileType = sourcecode.swift; path = ExerciseDetailView.swift; sourceTree = "<group>"; };
		02D5907F29C7A795007C6AAB /* MockSideBar.swift */ = {isa = PBXFileReference; lastKnownFileType = sourcecode.swift; path = MockSideBar.swift; sourceTree = "<group>"; };
		02E0BCBD2A20C760007B5CEF /* AccountTabView.swift */ = {isa = PBXFileReference; lastKnownFileType = sourcecode.swift; path = AccountTabView.swift; sourceTree = "<group>"; };
		02E9FCB129F04B7B000662D5 /* CategoryDataStore.swift */ = {isa = PBXFileReference; lastKnownFileType = sourcecode.swift; path = CategoryDataStore.swift; sourceTree = "<group>"; };
		02E9FCB329F04BA1000662D5 /* FirestoreCategoryRepository.swift */ = {isa = PBXFileReference; lastKnownFileType = sourcecode.swift; path = FirestoreCategoryRepository.swift; sourceTree = "<group>"; };
		02E9FCB529F04BAA000662D5 /* CategoryRepository.swift */ = {isa = PBXFileReference; lastKnownFileType = sourcecode.swift; path = CategoryRepository.swift; sourceTree = "<group>"; };
		02E9FCBB29F33534000662D5 /* ExercisesDataStore.swift */ = {isa = PBXFileReference; lastKnownFileType = sourcecode.swift; path = ExercisesDataStore.swift; sourceTree = "<group>"; };
		02E9FCBD29F3358A000662D5 /* PhasesDataStore.swift */ = {isa = PBXFileReference; lastKnownFileType = sourcecode.swift; path = PhasesDataStore.swift; sourceTree = "<group>"; };
		02E9FCBF29F335B1000662D5 /* MezocycleDataStore.swift */ = {isa = PBXFileReference; lastKnownFileType = sourcecode.swift; path = MezocycleDataStore.swift; sourceTree = "<group>"; };
		02E9FCC129F335C4000662D5 /* ExerciseRepository.swift */ = {isa = PBXFileReference; lastKnownFileType = sourcecode.swift; path = ExerciseRepository.swift; sourceTree = "<group>"; };
		02E9FCC429F335DE000662D5 /* PhasesRepository.swift */ = {isa = PBXFileReference; lastKnownFileType = sourcecode.swift; path = PhasesRepository.swift; sourceTree = "<group>"; };
		02E9FCC629F335EE000662D5 /* MezocycleRepository.swift */ = {isa = PBXFileReference; lastKnownFileType = sourcecode.swift; path = MezocycleRepository.swift; sourceTree = "<group>"; };
		02E9FCC829F41A50000662D5 /* FirestoreExerciseRepository.swift */ = {isa = PBXFileReference; lastKnownFileType = sourcecode.swift; path = FirestoreExerciseRepository.swift; sourceTree = "<group>"; };
		02E9FCCA29F41AED000662D5 /* FirestorePhasesRepository.swift */ = {isa = PBXFileReference; lastKnownFileType = sourcecode.swift; path = FirestorePhasesRepository.swift; sourceTree = "<group>"; };
		02E9FCCC29F41AFF000662D5 /* FirestoreMezocycleRepository.swift */ = {isa = PBXFileReference; lastKnownFileType = sourcecode.swift; path = FirestoreMezocycleRepository.swift; sourceTree = "<group>"; };
		02E9FCCE29F586CB000662D5 /* SmallCardView.swift */ = {isa = PBXFileReference; lastKnownFileType = sourcecode.swift; path = SmallCardView.swift; sourceTree = "<group>"; };
		02E9FCD129F83D6F000662D5 /* NewClientView.swift */ = {isa = PBXFileReference; lastKnownFileType = sourcecode.swift; path = NewClientView.swift; sourceTree = "<group>"; };
		02E9FCD329F9197E000662D5 /* SideBar.swift */ = {isa = PBXFileReference; lastKnownFileType = sourcecode.swift; path = SideBar.swift; sourceTree = "<group>"; };
		02E9FCDB29FD729D000662D5 /* FirebaseStorageImageDataStore.swift */ = {isa = PBXFileReference; lastKnownFileType = sourcecode.swift; path = FirebaseStorageImageDataStore.swift; sourceTree = "<group>"; };
		02E9FCDD29FDB91C000662D5 /* EditClientView.swift */ = {isa = PBXFileReference; lastKnownFileType = sourcecode.swift; path = EditClientView.swift; sourceTree = "<group>"; };
		02E9FCE029FFBB94000662D5 /* NewExerciseView.swift */ = {isa = PBXFileReference; lastKnownFileType = sourcecode.swift; path = NewExerciseView.swift; sourceTree = "<group>"; };
		02E9FCE229FFBBA3000662D5 /* EditExerciseView.swift */ = {isa = PBXFileReference; lastKnownFileType = sourcecode.swift; path = EditExerciseView.swift; sourceTree = "<group>"; };
		02F06DF629DA10A4008032B5 /* CustomTextEditorCell.swift */ = {isa = PBXFileReference; lastKnownFileType = sourcecode.swift; path = CustomTextEditorCell.swift; sourceTree = "<group>"; };
		02F06DF829DB8021008032B5 /* GoogleService-Info.plist */ = {isa = PBXFileReference; fileEncoding = 4; lastKnownFileType = text.plist.xml; path = "GoogleService-Info.plist"; sourceTree = "<group>"; };
		02F06E0F29DC59CF008032B5 /* DataModels.swift */ = {isa = PBXFileReference; lastKnownFileType = sourcecode.swift; path = DataModels.swift; sourceTree = "<group>"; };
		02F06E1129DC7905008032B5 /* Repositories.swift */ = {isa = PBXFileReference; lastKnownFileType = sourcecode.swift; path = Repositories.swift; sourceTree = "<group>"; };
/* End PBXFileReference section */

/* Begin PBXFrameworksBuildPhase section */
		0210C63629AA001C001DAD74 /* Frameworks */ = {
			isa = PBXFrameworksBuildPhase;
			buildActionMask = 2147483647;
			files = (
				02F06E0429DB8446008032B5 /* FirebaseDatabaseSwift in Frameworks */,
				02F06E0229DB8446008032B5 /* FirebaseDatabase in Frameworks */,
				0210C65E29AA74F2001DAD74 /* SwiftUIX in Frameworks */,
				02F06E0029DB8446008032B5 /* FirebaseAuth in Frameworks */,
				02F06E0629DB8446008032B5 /* FirebaseFirestore in Frameworks */,
				02F06E0E29DB8446008032B5 /* FirebaseStorage in Frameworks */,
				02F06E0829DB8446008032B5 /* FirebaseFirestoreSwift in Frameworks */,
				02F06E0C29DB8446008032B5 /* FirebaseInstallations in Frameworks */,
			);
			runOnlyForDeploymentPostprocessing = 0;
		};
/* End PBXFrameworksBuildPhase section */

/* Begin PBXGroup section */
		0210C63029AA001C001DAD74 = {
			isa = PBXGroup;
			children = (
				02F06DF829DB8021008032B5 /* GoogleService-Info.plist */,
				02D5907029C73FAC007C6AAB /* Archived */,
				0210C63B29AA001C001DAD74 /* Diploma_2023 */,
				0210C63A29AA001C001DAD74 /* Products */,
			);
			sourceTree = "<group>";
		};
		0210C63A29AA001C001DAD74 /* Products */ = {
			isa = PBXGroup;
			children = (
				0210C63929AA001C001DAD74 /* Diploma_2023.app */,
			);
			name = Products;
			sourceTree = "<group>";
		};
		0210C63B29AA001C001DAD74 /* Diploma_2023 */ = {
			isa = PBXGroup;
			children = (
				02817F7929EE94B00038C658 /* DataStores */,
				02817F7829EE949D0038C658 /* Repositories */,
				02817F7329EE94450038C658 /* Services */,
				0210C63C29AA001C001DAD74 /* Diploma_2023App.swift */,
				02D5908829C8EBE5007C6AAB /* Screens */,
				0210C66829BA77DD001DAD74 /* Models */,
				0243FB7329C0E64E003ECC8C /* Components */,
				023BA4BC29D2FCBF00241B2B /* Utility */,
				0210C64029AA001E001DAD74 /* Assets.xcassets */,
				0210C64229AA001E001DAD74 /* Preview Content */,
				0210C66529BA6B1F001DAD74 /* TEST FILES */,
				02C49A8929EAEAEB00298E13 /* Authentication.swift */,
			);
			path = Diploma_2023;
			sourceTree = "<group>";
		};
		0210C64229AA001E001DAD74 /* Preview Content */ = {
			isa = PBXGroup;
			children = (
				0210C64329AA001E001DAD74 /* Preview Assets.xcassets */,
			);
			path = "Preview Content";
			sourceTree = "<group>";
		};
		0210C66529BA6B1F001DAD74 /* TEST FILES */ = {
			isa = PBXGroup;
			children = (
				023BA4C229D48A1000241B2B /* MezocycleDetailView.swift */,
				02770C242A1931DD00BEE9BD /* NewPhaseTemplateView.swift */,
				023BA4D329D731BD00241B2B /* PhaseSheetString.swift */,
				023BA4CE29D4E25900241B2B /* StaticPhaseSheetView.swift */,
				0210C66329BA6A10001DAD74 /* TestModel.swift */,
				0243FB7129C0DC9F003ECC8C /* NavigationSplitViewThreeColumn.swift */,
				02D5906429C36917007C6AAB /* AppDetailView.swift */,
				02D5906E29C607C8007C6AAB /* NavigationSplitViewThreeX.swift */,
			);
			path = "TEST FILES";
			sourceTree = "<group>";
		};
		0210C66829BA77DD001DAD74 /* Models */ = {
			isa = PBXGroup;
			children = (
				0243FB6F29BC0188003ECC8C /* MockDataModel.swift */,
				02F06E0F29DC59CF008032B5 /* DataModels.swift */,
				02D3BE382A1FFF88007406EE /* Client.swift */,
				02D3BE3A2A1FFFD1007406EE /* TrainingPlans.swift */,
			);
			path = Models;
			sourceTree = "<group>";
		};
		0210C66B29BB4186001DAD74 /* Clients */ = {
			isa = PBXGroup;
			children = (
				02E9FCD029F83D4A000662D5 /* Edit Client */,
				0210C64E29AA6B93001DAD74 /* ClientsView.swift */,
				0210C66C29BB41A7001DAD74 /* ClientsViewModel.swift */,
				02D5906229C35AFD007C6AAB /* ClientDetailView.swift */,
			);
			path = Clients;
			sourceTree = "<group>";
		};
		023BA4BC29D2FCBF00241B2B /* Utility */ = {
			isa = PBXGroup;
			children = (
				02D3BE2F2A1B3916007406EE /* Extensions.swift */,
			);
			path = Utility;
			sourceTree = "<group>";
		};
		023BA4BD29D2FD2C00241B2B /* Cards */ = {
			isa = PBXGroup;
			children = (
				023BA4CA29D4CC6100241B2B /* LargeCardView.swift */,
				023BA4CC29D4CCA000241B2B /* MediumCardView.swift */,
				02E9FCCE29F586CB000662D5 /* SmallCardView.swift */,
			);
			path = Cards;
			sourceTree = "<group>";
		};
		0243FB6C29BBF6D2003ECC8C /* Account */ = {
			isa = PBXGroup;
			children = (
				02817F8729EF1C8D0038C658 /* AccountView.swift */,
				02E0BCBD2A20C760007B5CEF /* AccountTabView.swift */,
			);
			path = Account;
			sourceTree = "<group>";
		};
		0243FB7329C0E64E003ECC8C /* Components */ = {
			isa = PBXGroup;
			children = (
				02E9FCD529F9199F000662D5 /* SideBar */,
				023BA4BD29D2FD2C00241B2B /* Cards */,
				02D26F6029CA4173000A49E0 /* Builders */,
				02D5906629C4F41B007C6AAB /* InfoRowView.swift */,
				02D5907229C766F7007C6AAB /* SearchBar.swift */,
				023BA4C029D4320C00241B2B /* Headers.swift */,
			);
			path = Components;
			sourceTree = "<group>";
		};
		02770C262A193FB400BEE9BD /* Phase */ = {
			isa = PBXGroup;
			children = (
				02D3BE2C2A1AE8A9007406EE /* PhaseSheetView.swift */,
				02770C282A1999D200BEE9BD /* NewPhaseSheetView.swift */,
				02D3BE312A1B78D0007406EE /* components */,
			);
			path = Phase;
			sourceTree = "<group>";
		};
		02770C272A193FDC00BEE9BD /* Mezocycle */ = {
			isa = PBXGroup;
			children = (
				02D3BE342A1BA484007406EE /* MezocycleView.swift */,
				02D3BE362A1BC9BB007406EE /* NewMezocycleView.swift */,
				02D3BE3E2A20B70E007406EE /* MezoBuilders.swift */,
			);
			path = Mezocycle;
			sourceTree = "<group>";
		};
		02817F6E29ED544A0038C658 /* Authentication */ = {
			isa = PBXGroup;
			children = (
				02C49A8229E0BB4C00298E13 /* SignInView.swift */,
				02C49A8029DEE67600298E13 /* SignUpView.swift */,
			);
			path = Authentication;
			sourceTree = "<group>";
		};
		02817F7329EE94450038C658 /* Services */ = {
			isa = PBXGroup;
			children = (
				02817F7429EE945E0038C658 /* AuthenticationService.swift */,
				02817F7629EE94770038C658 /* AppDependencyContainer.swift */,
			);
			path = Services;
			sourceTree = "<group>";
		};
		02817F7829EE949D0038C658 /* Repositories */ = {
			isa = PBXGroup;
			children = (
				02E9FCDA29FD727A000662D5 /* FirebaseStorage */,
				02E9FCD929FD71DF000662D5 /* Firestore */,
				02E9FCD829FD71D0000662D5 /* Protocols */,
				02F06E1129DC7905008032B5 /* Repositories.swift */,
			);
			path = Repositories;
			sourceTree = "<group>";
		};
		02817F7929EE94B00038C658 /* DataStores */ = {
			isa = PBXGroup;
			children = (
				02817F7A29EE94DF0038C658 /* AccountDataStore.swift */,
				02E9FCB129F04B7B000662D5 /* CategoryDataStore.swift */,
				02817F7F29EE95140038C658 /* ClientsDataStore.swift */,
				02E9FCBB29F33534000662D5 /* ExercisesDataStore.swift */,
				02E9FCBD29F3358A000662D5 /* PhasesDataStore.swift */,
				02E9FCBF29F335B1000662D5 /* MezocycleDataStore.swift */,
			);
			path = DataStores;
			sourceTree = "<group>";
		};
		02D26F6029CA4173000A49E0 /* Builders */ = {
			isa = PBXGroup;
			children = (
				023BA4BE29D3024600241B2B /* AnyViews.swift */,
				02D26F6129CF8557000A49E0 /* GGridListView.swift */,
				023BA4C429D4A85400241B2B /* GHListView.swift */,
				02D3BE3C2A20A5E6007406EE /* SelectiveGridListView.swift */,
			);
			path = Builders;
			sourceTree = "<group>";
		};
		02D3BE312A1B78D0007406EE /* components */ = {
			isa = PBXGroup;
			children = (
				02F06DF629DA10A4008032B5 /* CustomTextEditorCell.swift */,
				02D3BE322A1B78E8007406EE /* PhaseBuilders.swift */,
			);
			path = components;
			sourceTree = "<group>";
		};
		02D5907029C73FAC007C6AAB /* Archived */ = {
			isa = PBXGroup;
			children = (
				02D5907129C74081007C6AAB /* ThreeColumnSplitLayout.swift */,
			);
			path = Archived;
			sourceTree = "<group>";
		};
		02D5907429C7681D007C6AAB /* Excercises */ = {
			isa = PBXGroup;
			children = (
				02E9FCDF29FFBB6A000662D5 /* EditExercise */,
				0210C65029AA6BA5001DAD74 /* ExerciseView.swift */,
				02D5907529C7684C007C6AAB /* ExerciseDetailView.swift */,
			);
			path = Excercises;
			sourceTree = "<group>";
		};
		02D5908629C8EBB0007C6AAB /* TrainingPlans */ = {
			isa = PBXGroup;
			children = (
				0210C65229AA6BBB001DAD74 /* TrainingPlansView.swift */,
				02770C272A193FDC00BEE9BD /* Mezocycle */,
				02770C262A193FB400BEE9BD /* Phase */,
			);
			path = TrainingPlans;
			sourceTree = "<group>";
		};
		02D5908729C8EBC1007C6AAB /* TodayView */ = {
			isa = PBXGroup;
			children = (
				0243FB6C29BBF6D2003ECC8C /* Account */,
				0210C66129B9EAAB001DAD74 /* RotationViewModifier.swift */,
				0210C64C29AA6B84001DAD74 /* TodayView.swift */,
			);
			path = TodayView;
			sourceTree = "<group>";
		};
		02D5908829C8EBE5007C6AAB /* Screens */ = {
			isa = PBXGroup;
			children = (
				02817F6E29ED544A0038C658 /* Authentication */,
				02E9FCB729F2A719000662D5 /* Landing Page */,
				02D5908729C8EBC1007C6AAB /* TodayView */,
				0210C66B29BB4186001DAD74 /* Clients */,
				02D5908629C8EBB0007C6AAB /* TrainingPlans */,
				02E9FCB829F2A755000662D5 /* WhiteBoard */,
				02D5907429C7681D007C6AAB /* Excercises */,
				02D5908A29C8EC2B007C6AAB /* Measurements */,
				02D5908929C8EC0F007C6AAB /* FoodPlans */,
				02E9FCB929F2A777000662D5 /* ProgressPhotos */,
			);
			path = Screens;
			sourceTree = "<group>";
		};
		02D5908929C8EC0F007C6AAB /* FoodPlans */ = {
			isa = PBXGroup;
			children = (
				0210C65429AA6BC4001DAD74 /* FoodPlansView.swift */,
			);
			path = FoodPlans;
			sourceTree = "<group>";
		};
		02D5908A29C8EC2B007C6AAB /* Measurements */ = {
			isa = PBXGroup;
			children = (
				0210C65629AA6C3A001DAD74 /* MeasurementsView.swift */,
			);
			path = Measurements;
			sourceTree = "<group>";
		};
		02E9FCB729F2A719000662D5 /* Landing Page */ = {
			isa = PBXGroup;
			children = (
				0210C64A29AA6A53001DAD74 /* TabBarView.swift */,
			);
			path = "Landing Page";
			sourceTree = "<group>";
		};
		02E9FCB829F2A755000662D5 /* WhiteBoard */ = {
			isa = PBXGroup;
			children = (
				0210C65A29AA6C62001DAD74 /* WhiteboardView.swift */,
			);
			path = WhiteBoard;
			sourceTree = "<group>";
		};
		02E9FCB929F2A777000662D5 /* ProgressPhotos */ = {
			isa = PBXGroup;
			children = (
				0210C65829AA6C54001DAD74 /* ProgressPhotosView.swift */,
			);
			path = ProgressPhotos;
			sourceTree = "<group>";
		};
		02E9FCD029F83D4A000662D5 /* Edit Client */ = {
			isa = PBXGroup;
			children = (
				02E9FCD129F83D6F000662D5 /* NewClientView.swift */,
				02E9FCDD29FDB91C000662D5 /* EditClientView.swift */,
			);
			path = "Edit Client";
			sourceTree = "<group>";
		};
		02E9FCD529F9199F000662D5 /* SideBar */ = {
			isa = PBXGroup;
			children = (
				02E9FCD329F9197E000662D5 /* SideBar.swift */,
				02D5907F29C7A795007C6AAB /* MockSideBar.swift */,
			);
			path = SideBar;
			sourceTree = "<group>";
		};
		02E9FCD829FD71D0000662D5 /* Protocols */ = {
			isa = PBXGroup;
			children = (
				02817F8929EF1FDE0038C658 /* AccountRepository.swift */,
				02E9FCB529F04BAA000662D5 /* CategoryRepository.swift */,
				02817F8329EE95C00038C658 /* ClientRepository.swift */,
				02E9FCC129F335C4000662D5 /* ExerciseRepository.swift */,
				02E9FCC429F335DE000662D5 /* PhasesRepository.swift */,
				02E9FCC629F335EE000662D5 /* MezocycleRepository.swift */,
			);
			path = Protocols;
			sourceTree = "<group>";
		};
		02E9FCD929FD71DF000662D5 /* Firestore */ = {
			isa = PBXGroup;
			children = (
				02817F8B29EF21620038C658 /* FirestoreAccountRepository.swift */,
				02E9FCB329F04BA1000662D5 /* FirestoreCategoryRepository.swift */,
				02817F8529EE95E50038C658 /* FirestoreClientRepository.swift */,
				02E9FCC829F41A50000662D5 /* FirestoreExerciseRepository.swift */,
				02E9FCCA29F41AED000662D5 /* FirestorePhasesRepository.swift */,
				02E9FCCC29F41AFF000662D5 /* FirestoreMezocycleRepository.swift */,
			);
			path = Firestore;
			sourceTree = "<group>";
		};
		02E9FCDA29FD727A000662D5 /* FirebaseStorage */ = {
			isa = PBXGroup;
			children = (
				02E9FCDB29FD729D000662D5 /* FirebaseStorageImageDataStore.swift */,
			);
			path = FirebaseStorage;
			sourceTree = "<group>";
		};
		02E9FCDF29FFBB6A000662D5 /* EditExercise */ = {
			isa = PBXGroup;
			children = (
				02E9FCE029FFBB94000662D5 /* NewExerciseView.swift */,
				02E9FCE229FFBBA3000662D5 /* EditExerciseView.swift */,
			);
			path = EditExercise;
			sourceTree = "<group>";
		};
/* End PBXGroup section */

/* Begin PBXNativeTarget section */
		0210C63829AA001C001DAD74 /* Diploma_2023 */ = {
			isa = PBXNativeTarget;
			buildConfigurationList = 0210C64729AA001E001DAD74 /* Build configuration list for PBXNativeTarget "Diploma_2023" */;
			buildPhases = (
				0210C63529AA001C001DAD74 /* Sources */,
				0210C63629AA001C001DAD74 /* Frameworks */,
				0210C63729AA001C001DAD74 /* Resources */,
			);
			buildRules = (
			);
			dependencies = (
			);
			name = Diploma_2023;
			packageProductDependencies = (
				0210C65D29AA74F2001DAD74 /* SwiftUIX */,
				02F06DFF29DB8446008032B5 /* FirebaseAuth */,
				02F06E0129DB8446008032B5 /* FirebaseDatabase */,
				02F06E0329DB8446008032B5 /* FirebaseDatabaseSwift */,
				02F06E0529DB8446008032B5 /* FirebaseFirestore */,
				02F06E0729DB8446008032B5 /* FirebaseFirestoreSwift */,
				02F06E0B29DB8446008032B5 /* FirebaseInstallations */,
				02F06E0D29DB8446008032B5 /* FirebaseStorage */,
			);
			productName = Diploma_2023;
			productReference = 0210C63929AA001C001DAD74 /* Diploma_2023.app */;
			productType = "com.apple.product-type.application";
		};
/* End PBXNativeTarget section */

/* Begin PBXProject section */
		0210C63129AA001C001DAD74 /* Project object */ = {
			isa = PBXProject;
			attributes = {
				BuildIndependentTargetsInParallel = 1;
				LastSwiftUpdateCheck = 1420;
				LastUpgradeCheck = 1420;
				TargetAttributes = {
					0210C63829AA001C001DAD74 = {
						CreatedOnToolsVersion = 14.2;
					};
				};
			};
			buildConfigurationList = 0210C63429AA001C001DAD74 /* Build configuration list for PBXProject "Diploma_2023" */;
			compatibilityVersion = "Xcode 14.0";
			developmentRegion = en;
			hasScannedForEncodings = 0;
			knownRegions = (
				en,
				Base,
			);
			mainGroup = 0210C63029AA001C001DAD74;
			packageReferences = (
				0210C65C29AA74F2001DAD74 /* XCRemoteSwiftPackageReference "SwiftUIX" */,
				02F06DFA29DB8446008032B5 /* XCRemoteSwiftPackageReference "firebase-ios-sdk" */,
			);
			productRefGroup = 0210C63A29AA001C001DAD74 /* Products */;
			projectDirPath = "";
			projectRoot = "";
			targets = (
				0210C63829AA001C001DAD74 /* Diploma_2023 */,
			);
		};
/* End PBXProject section */

/* Begin PBXResourcesBuildPhase section */
		0210C63729AA001C001DAD74 /* Resources */ = {
			isa = PBXResourcesBuildPhase;
			buildActionMask = 2147483647;
			files = (
				0210C64429AA001E001DAD74 /* Preview Assets.xcassets in Resources */,
				0210C64129AA001E001DAD74 /* Assets.xcassets in Resources */,
				02F06DF929DB8021008032B5 /* GoogleService-Info.plist in Resources */,
			);
			runOnlyForDeploymentPostprocessing = 0;
		};
/* End PBXResourcesBuildPhase section */

/* Begin PBXSourcesBuildPhase section */
		0210C63529AA001C001DAD74 /* Sources */ = {
			isa = PBXSourcesBuildPhase;
			buildActionMask = 2147483647;
			files = (
				02817F8C29EF21620038C658 /* FirestoreAccountRepository.swift in Sources */,
				02817F8429EE95C00038C658 /* ClientRepository.swift in Sources */,
				0243FB7229C0DC9F003ECC8C /* NavigationSplitViewThreeColumn.swift in Sources */,
				02D5906529C36917007C6AAB /* AppDetailView.swift in Sources */,
				0210C65729AA6C3A001DAD74 /* MeasurementsView.swift in Sources */,
				02E9FCE129FFBB94000662D5 /* NewExerciseView.swift in Sources */,
				02E9FCB629F04BAA000662D5 /* CategoryRepository.swift in Sources */,
				02D5907629C7684C007C6AAB /* ExerciseDetailView.swift in Sources */,
				02D3BE3B2A1FFFD1007406EE /* TrainingPlans.swift in Sources */,
				023BA4C129D4320C00241B2B /* Headers.swift in Sources */,
				0210C65929AA6C54001DAD74 /* ProgressPhotosView.swift in Sources */,
				0210C64F29AA6B93001DAD74 /* ClientsView.swift in Sources */,
				02817F7529EE945E0038C658 /* AuthenticationService.swift in Sources */,
				02D26F6229CF8557000A49E0 /* GGridListView.swift in Sources */,
				023BA4C329D48A1000241B2B /* MezocycleDetailView.swift in Sources */,
				02D3BE352A1BA484007406EE /* MezocycleView.swift in Sources */,
				02C49A8329E0BB4C00298E13 /* SignInView.swift in Sources */,
				02D5906F29C607C8007C6AAB /* NavigationSplitViewThreeX.swift in Sources */,
				02F06DF729DA10A4008032B5 /* CustomTextEditorCell.swift in Sources */,
				02E9FCD429F9197F000662D5 /* SideBar.swift in Sources */,
				0210C65129AA6BA5001DAD74 /* ExerciseView.swift in Sources */,
				02E9FCBC29F33534000662D5 /* ExercisesDataStore.swift in Sources */,
				02C49A8129DEE67600298E13 /* SignUpView.swift in Sources */,
				02D3BE2D2A1AE8A9007406EE /* PhaseSheetView.swift in Sources */,
				02770C252A1931DD00BEE9BD /* NewPhaseTemplateView.swift in Sources */,
				02E9FCC929F41A50000662D5 /* FirestoreExerciseRepository.swift in Sources */,
				023BA4CF29D4E25900241B2B /* StaticPhaseSheetView.swift in Sources */,
				02D3BE3F2A20B70E007406EE /* MezoBuilders.swift in Sources */,
				02817F8629EE95E50038C658 /* FirestoreClientRepository.swift in Sources */,
				02E9FCCF29F586CB000662D5 /* SmallCardView.swift in Sources */,
				02E9FCBE29F3358A000662D5 /* PhasesDataStore.swift in Sources */,
				02E0BCBE2A20C760007B5CEF /* AccountTabView.swift in Sources */,
				02D5907329C766F7007C6AAB /* SearchBar.swift in Sources */,
				02D3BE3D2A20A5E6007406EE /* SelectiveGridListView.swift in Sources */,
				0210C66429BA6A10001DAD74 /* TestModel.swift in Sources */,
				02817F7729EE94770038C658 /* AppDependencyContainer.swift in Sources */,
				02E9FCC229F335C4000662D5 /* ExerciseRepository.swift in Sources */,
				02E9FCCD29F41AFF000662D5 /* FirestoreMezocycleRepository.swift in Sources */,
				02E9FCB429F04BA1000662D5 /* FirestoreCategoryRepository.swift in Sources */,
				023BA4D429D731BD00241B2B /* PhaseSheetString.swift in Sources */,
				02E9FCDC29FD729D000662D5 /* FirebaseStorageImageDataStore.swift in Sources */,
				02D3BE302A1B3916007406EE /* Extensions.swift in Sources */,
				023BA4BF29D3024600241B2B /* AnyViews.swift in Sources */,
				02D3BE372A1BC9BB007406EE /* NewMezocycleView.swift in Sources */,
				02D5906329C35AFD007C6AAB /* ClientDetailView.swift in Sources */,
				023BA4C529D4A85400241B2B /* GHListView.swift in Sources */,
				02C49A8A29EAEAEB00298E13 /* Authentication.swift in Sources */,
				0210C64B29AA6A53001DAD74 /* TabBarView.swift in Sources */,
				02E9FCCB29F41AED000662D5 /* FirestorePhasesRepository.swift in Sources */,
				02817F8A29EF1FDE0038C658 /* AccountRepository.swift in Sources */,
				02E9FCC729F335EE000662D5 /* MezocycleRepository.swift in Sources */,
				0243FB7029BC0188003ECC8C /* MockDataModel.swift in Sources */,
				0210C65329AA6BBB001DAD74 /* TrainingPlansView.swift in Sources */,
				023BA4CD29D4CCA000241B2B /* MediumCardView.swift in Sources */,
				02E9FCC029F335B1000662D5 /* MezocycleDataStore.swift in Sources */,
				02D3BE392A1FFF88007406EE /* Client.swift in Sources */,
				0210C64D29AA6B84001DAD74 /* TodayView.swift in Sources */,
				023BA4CB29D4CC6100241B2B /* LargeCardView.swift in Sources */,
				02E9FCD229F83D6F000662D5 /* NewClientView.swift in Sources */,
				02F06E1029DC59CF008032B5 /* DataModels.swift in Sources */,
				0210C63D29AA001C001DAD74 /* Diploma_2023App.swift in Sources */,
				02E9FCDE29FDB91C000662D5 /* EditClientView.swift in Sources */,
				02D5908029C7A795007C6AAB /* MockSideBar.swift in Sources */,
				02E9FCC529F335DE000662D5 /* PhasesRepository.swift in Sources */,
				02D3BE332A1B78E8007406EE /* PhaseBuilders.swift in Sources */,
				02817F7B29EE94DF0038C658 /* AccountDataStore.swift in Sources */,
				02E9FCE329FFBBA3000662D5 /* EditExerciseView.swift in Sources */,
				0210C66D29BB41A7001DAD74 /* ClientsViewModel.swift in Sources */,
				0210C65B29AA6C62001DAD74 /* WhiteboardView.swift in Sources */,
				02817F8829EF1C8D0038C658 /* AccountView.swift in Sources */,
				0210C65529AA6BC4001DAD74 /* FoodPlansView.swift in Sources */,
				0210C66229B9EAAB001DAD74 /* RotationViewModifier.swift in Sources */,
				02D5906729C4F41B007C6AAB /* InfoRowView.swift in Sources */,
				02E9FCB229F04B7B000662D5 /* CategoryDataStore.swift in Sources */,
				02F06E1229DC7905008032B5 /* Repositories.swift in Sources */,
				02817F8029EE95140038C658 /* ClientsDataStore.swift in Sources */,
				02770C292A1999D200BEE9BD /* NewPhaseSheetView.swift in Sources */,
			);
			runOnlyForDeploymentPostprocessing = 0;
		};
/* End PBXSourcesBuildPhase section */

/* Begin XCBuildConfiguration section */
		0210C64529AA001E001DAD74 /* Debug */ = {
			isa = XCBuildConfiguration;
			buildSettings = {
				ALWAYS_SEARCH_USER_PATHS = NO;
				CLANG_ANALYZER_NONNULL = YES;
				CLANG_ANALYZER_NUMBER_OBJECT_CONVERSION = YES_AGGRESSIVE;
				CLANG_CXX_LANGUAGE_STANDARD = "gnu++20";
				CLANG_ENABLE_MODULES = YES;
				CLANG_ENABLE_OBJC_ARC = YES;
				CLANG_ENABLE_OBJC_WEAK = YES;
				CLANG_WARN_BLOCK_CAPTURE_AUTORELEASING = YES;
				CLANG_WARN_BOOL_CONVERSION = YES;
				CLANG_WARN_COMMA = YES;
				CLANG_WARN_CONSTANT_CONVERSION = YES;
				CLANG_WARN_DEPRECATED_OBJC_IMPLEMENTATIONS = YES;
				CLANG_WARN_DIRECT_OBJC_ISA_USAGE = YES_ERROR;
				CLANG_WARN_DOCUMENTATION_COMMENTS = YES;
				CLANG_WARN_EMPTY_BODY = YES;
				CLANG_WARN_ENUM_CONVERSION = YES;
				CLANG_WARN_INFINITE_RECURSION = YES;
				CLANG_WARN_INT_CONVERSION = YES;
				CLANG_WARN_NON_LITERAL_NULL_CONVERSION = YES;
				CLANG_WARN_OBJC_IMPLICIT_RETAIN_SELF = YES;
				CLANG_WARN_OBJC_LITERAL_CONVERSION = YES;
				CLANG_WARN_OBJC_ROOT_CLASS = YES_ERROR;
				CLANG_WARN_QUOTED_INCLUDE_IN_FRAMEWORK_HEADER = YES;
				CLANG_WARN_RANGE_LOOP_ANALYSIS = YES;
				CLANG_WARN_STRICT_PROTOTYPES = YES;
				CLANG_WARN_SUSPICIOUS_MOVE = YES;
				CLANG_WARN_UNGUARDED_AVAILABILITY = YES_AGGRESSIVE;
				CLANG_WARN_UNREACHABLE_CODE = YES;
				CLANG_WARN__DUPLICATE_METHOD_MATCH = YES;
				COPY_PHASE_STRIP = NO;
				DEBUG_INFORMATION_FORMAT = dwarf;
				ENABLE_STRICT_OBJC_MSGSEND = YES;
				ENABLE_TESTABILITY = YES;
				GCC_C_LANGUAGE_STANDARD = gnu11;
				GCC_DYNAMIC_NO_PIC = NO;
				GCC_NO_COMMON_BLOCKS = YES;
				GCC_OPTIMIZATION_LEVEL = 0;
				GCC_PREPROCESSOR_DEFINITIONS = (
					"DEBUG=1",
					"$(inherited)",
				);
				GCC_WARN_64_TO_32_BIT_CONVERSION = YES;
				GCC_WARN_ABOUT_RETURN_TYPE = YES_ERROR;
				GCC_WARN_UNDECLARED_SELECTOR = YES;
				GCC_WARN_UNINITIALIZED_AUTOS = YES_AGGRESSIVE;
				GCC_WARN_UNUSED_FUNCTION = YES;
				GCC_WARN_UNUSED_VARIABLE = YES;
				IPHONEOS_DEPLOYMENT_TARGET = 16.2;
				MTL_ENABLE_DEBUG_INFO = INCLUDE_SOURCE;
				MTL_FAST_MATH = YES;
				ONLY_ACTIVE_ARCH = YES;
				SDKROOT = iphoneos;
				SWIFT_ACTIVE_COMPILATION_CONDITIONS = DEBUG;
				SWIFT_OPTIMIZATION_LEVEL = "-Onone";
			};
			name = Debug;
		};
		0210C64629AA001E001DAD74 /* Release */ = {
			isa = XCBuildConfiguration;
			buildSettings = {
				ALWAYS_SEARCH_USER_PATHS = NO;
				CLANG_ANALYZER_NONNULL = YES;
				CLANG_ANALYZER_NUMBER_OBJECT_CONVERSION = YES_AGGRESSIVE;
				CLANG_CXX_LANGUAGE_STANDARD = "gnu++20";
				CLANG_ENABLE_MODULES = YES;
				CLANG_ENABLE_OBJC_ARC = YES;
				CLANG_ENABLE_OBJC_WEAK = YES;
				CLANG_WARN_BLOCK_CAPTURE_AUTORELEASING = YES;
				CLANG_WARN_BOOL_CONVERSION = YES;
				CLANG_WARN_COMMA = YES;
				CLANG_WARN_CONSTANT_CONVERSION = YES;
				CLANG_WARN_DEPRECATED_OBJC_IMPLEMENTATIONS = YES;
				CLANG_WARN_DIRECT_OBJC_ISA_USAGE = YES_ERROR;
				CLANG_WARN_DOCUMENTATION_COMMENTS = YES;
				CLANG_WARN_EMPTY_BODY = YES;
				CLANG_WARN_ENUM_CONVERSION = YES;
				CLANG_WARN_INFINITE_RECURSION = YES;
				CLANG_WARN_INT_CONVERSION = YES;
				CLANG_WARN_NON_LITERAL_NULL_CONVERSION = YES;
				CLANG_WARN_OBJC_IMPLICIT_RETAIN_SELF = YES;
				CLANG_WARN_OBJC_LITERAL_CONVERSION = YES;
				CLANG_WARN_OBJC_ROOT_CLASS = YES_ERROR;
				CLANG_WARN_QUOTED_INCLUDE_IN_FRAMEWORK_HEADER = YES;
				CLANG_WARN_RANGE_LOOP_ANALYSIS = YES;
				CLANG_WARN_STRICT_PROTOTYPES = YES;
				CLANG_WARN_SUSPICIOUS_MOVE = YES;
				CLANG_WARN_UNGUARDED_AVAILABILITY = YES_AGGRESSIVE;
				CLANG_WARN_UNREACHABLE_CODE = YES;
				CLANG_WARN__DUPLICATE_METHOD_MATCH = YES;
				COPY_PHASE_STRIP = NO;
				DEBUG_INFORMATION_FORMAT = "dwarf-with-dsym";
				ENABLE_NS_ASSERTIONS = NO;
				ENABLE_STRICT_OBJC_MSGSEND = YES;
				GCC_C_LANGUAGE_STANDARD = gnu11;
				GCC_NO_COMMON_BLOCKS = YES;
				GCC_WARN_64_TO_32_BIT_CONVERSION = YES;
				GCC_WARN_ABOUT_RETURN_TYPE = YES_ERROR;
				GCC_WARN_UNDECLARED_SELECTOR = YES;
				GCC_WARN_UNINITIALIZED_AUTOS = YES_AGGRESSIVE;
				GCC_WARN_UNUSED_FUNCTION = YES;
				GCC_WARN_UNUSED_VARIABLE = YES;
				IPHONEOS_DEPLOYMENT_TARGET = 16.2;
				MTL_ENABLE_DEBUG_INFO = NO;
				MTL_FAST_MATH = YES;
				SDKROOT = iphoneos;
				SWIFT_COMPILATION_MODE = wholemodule;
				SWIFT_OPTIMIZATION_LEVEL = "-O";
				VALIDATE_PRODUCT = YES;
			};
			name = Release;
		};
		0210C64829AA001E001DAD74 /* Debug */ = {
			isa = XCBuildConfiguration;
			buildSettings = {
				ASSETCATALOG_COMPILER_APPICON_NAME = AppIcon;
				ASSETCATALOG_COMPILER_GLOBAL_ACCENT_COLOR_NAME = AccentColor;
				CLANG_ADDRESS_SANITIZER_CONTAINER_OVERFLOW = YES;
				CODE_SIGN_STYLE = Automatic;
				CURRENT_PROJECT_VERSION = 1;
				DEVELOPMENT_ASSET_PATHS = "\"Diploma_2023/Preview Content\"";
				DEVELOPMENT_TEAM = R6H92NGBR5;
				ENABLE_PREVIEWS = YES;
				GENERATE_INFOPLIST_FILE = YES;
				INFOPLIST_KEY_UIApplicationSceneManifest_Generation = YES;
				INFOPLIST_KEY_UIApplicationSupportsIndirectInputEvents = YES;
				INFOPLIST_KEY_UILaunchScreen_Generation = YES;
				INFOPLIST_KEY_UISupportedInterfaceOrientations_iPad = "UIInterfaceOrientationPortrait UIInterfaceOrientationPortraitUpsideDown UIInterfaceOrientationLandscapeLeft UIInterfaceOrientationLandscapeRight";
				INFOPLIST_KEY_UISupportedInterfaceOrientations_iPhone = "UIInterfaceOrientationPortrait UIInterfaceOrientationLandscapeLeft UIInterfaceOrientationLandscapeRight";
				LD_RUNPATH_SEARCH_PATHS = (
					"$(inherited)",
					"@executable_path/Frameworks",
				);
				MARKETING_VERSION = 1.0;
				PRODUCT_BUNDLE_IDENTIFIER = "co.martinbernat.Diploma-2023";
				PRODUCT_NAME = "$(TARGET_NAME)";
				SWIFT_EMIT_LOC_STRINGS = YES;
				SWIFT_VERSION = 5.0;
				TARGETED_DEVICE_FAMILY = "1,2";
			};
			name = Debug;
		};
		0210C64929AA001E001DAD74 /* Release */ = {
			isa = XCBuildConfiguration;
			buildSettings = {
				ASSETCATALOG_COMPILER_APPICON_NAME = AppIcon;
				ASSETCATALOG_COMPILER_GLOBAL_ACCENT_COLOR_NAME = AccentColor;
				CODE_SIGN_STYLE = Automatic;
				CURRENT_PROJECT_VERSION = 1;
				DEVELOPMENT_ASSET_PATHS = "\"Diploma_2023/Preview Content\"";
				DEVELOPMENT_TEAM = R6H92NGBR5;
				ENABLE_PREVIEWS = YES;
				GENERATE_INFOPLIST_FILE = YES;
				INFOPLIST_KEY_UIApplicationSceneManifest_Generation = YES;
				INFOPLIST_KEY_UIApplicationSupportsIndirectInputEvents = YES;
				INFOPLIST_KEY_UILaunchScreen_Generation = YES;
				INFOPLIST_KEY_UISupportedInterfaceOrientations_iPad = "UIInterfaceOrientationPortrait UIInterfaceOrientationPortraitUpsideDown UIInterfaceOrientationLandscapeLeft UIInterfaceOrientationLandscapeRight";
				INFOPLIST_KEY_UISupportedInterfaceOrientations_iPhone = "UIInterfaceOrientationPortrait UIInterfaceOrientationLandscapeLeft UIInterfaceOrientationLandscapeRight";
				LD_RUNPATH_SEARCH_PATHS = (
					"$(inherited)",
					"@executable_path/Frameworks",
				);
				MARKETING_VERSION = 1.0;
				PRODUCT_BUNDLE_IDENTIFIER = "co.martinbernat.Diploma-2023";
				PRODUCT_NAME = "$(TARGET_NAME)";
				SWIFT_EMIT_LOC_STRINGS = YES;
				SWIFT_VERSION = 5.0;
				TARGETED_DEVICE_FAMILY = "1,2";
			};
			name = Release;
		};
/* End XCBuildConfiguration section */

/* Begin XCConfigurationList section */
		0210C63429AA001C001DAD74 /* Build configuration list for PBXProject "Diploma_2023" */ = {
			isa = XCConfigurationList;
			buildConfigurations = (
				0210C64529AA001E001DAD74 /* Debug */,
				0210C64629AA001E001DAD74 /* Release */,
			);
			defaultConfigurationIsVisible = 0;
			defaultConfigurationName = Release;
		};
		0210C64729AA001E001DAD74 /* Build configuration list for PBXNativeTarget "Diploma_2023" */ = {
			isa = XCConfigurationList;
			buildConfigurations = (
				0210C64829AA001E001DAD74 /* Debug */,
				0210C64929AA001E001DAD74 /* Release */,
			);
			defaultConfigurationIsVisible = 0;
			defaultConfigurationName = Release;
		};
/* End XCConfigurationList section */

/* Begin XCRemoteSwiftPackageReference section */
		0210C65C29AA74F2001DAD74 /* XCRemoteSwiftPackageReference "SwiftUIX" */ = {
			isa = XCRemoteSwiftPackageReference;
			repositoryURL = "https://github.com/SwiftUIX/SwiftUIX";
			requirement = {
				kind = upToNextMajorVersion;
				minimumVersion = 0.1.4;
			};
		};
		02F06DFA29DB8446008032B5 /* XCRemoteSwiftPackageReference "firebase-ios-sdk" */ = {
			isa = XCRemoteSwiftPackageReference;
			repositoryURL = "https://github.com/firebase/firebase-ios-sdk";
			requirement = {
				kind = upToNextMajorVersion;
				minimumVersion = 10.0.0;
			};
		};
/* End XCRemoteSwiftPackageReference section */

/* Begin XCSwiftPackageProductDependency section */
		0210C65D29AA74F2001DAD74 /* SwiftUIX */ = {
			isa = XCSwiftPackageProductDependency;
			package = 0210C65C29AA74F2001DAD74 /* XCRemoteSwiftPackageReference "SwiftUIX" */;
			productName = SwiftUIX;
		};
		02F06DFF29DB8446008032B5 /* FirebaseAuth */ = {
			isa = XCSwiftPackageProductDependency;
			package = 02F06DFA29DB8446008032B5 /* XCRemoteSwiftPackageReference "firebase-ios-sdk" */;
			productName = FirebaseAuth;
		};
		02F06E0129DB8446008032B5 /* FirebaseDatabase */ = {
			isa = XCSwiftPackageProductDependency;
			package = 02F06DFA29DB8446008032B5 /* XCRemoteSwiftPackageReference "firebase-ios-sdk" */;
			productName = FirebaseDatabase;
		};
		02F06E0329DB8446008032B5 /* FirebaseDatabaseSwift */ = {
			isa = XCSwiftPackageProductDependency;
			package = 02F06DFA29DB8446008032B5 /* XCRemoteSwiftPackageReference "firebase-ios-sdk" */;
			productName = FirebaseDatabaseSwift;
		};
		02F06E0529DB8446008032B5 /* FirebaseFirestore */ = {
			isa = XCSwiftPackageProductDependency;
			package = 02F06DFA29DB8446008032B5 /* XCRemoteSwiftPackageReference "firebase-ios-sdk" */;
			productName = FirebaseFirestore;
		};
		02F06E0729DB8446008032B5 /* FirebaseFirestoreSwift */ = {
			isa = XCSwiftPackageProductDependency;
			package = 02F06DFA29DB8446008032B5 /* XCRemoteSwiftPackageReference "firebase-ios-sdk" */;
			productName = FirebaseFirestoreSwift;
		};
		02F06E0B29DB8446008032B5 /* FirebaseInstallations */ = {
			isa = XCSwiftPackageProductDependency;
			package = 02F06DFA29DB8446008032B5 /* XCRemoteSwiftPackageReference "firebase-ios-sdk" */;
			productName = FirebaseInstallations;
		};
		02F06E0D29DB8446008032B5 /* FirebaseStorage */ = {
			isa = XCSwiftPackageProductDependency;
			package = 02F06DFA29DB8446008032B5 /* XCRemoteSwiftPackageReference "firebase-ios-sdk" */;
			productName = FirebaseStorage;
		};
/* End XCSwiftPackageProductDependency section */
	};
	rootObject = 0210C63129AA001C001DAD74 /* Project object */;
}
