// !$*UTF8*$!
{
	archiveVersion = 1;
	classes = {
	};
	objectVersion = 56;
	objects = {

/* Begin PBXBuildFile section */
		0210C63D29AA001C001DAD74 /* Diploma_2023App.swift in Sources */ = {isa = PBXBuildFile; fileRef = 0210C63C29AA001C001DAD74 /* Diploma_2023App.swift */; };
		0210C64129AA001E001DAD74 /* Assets.xcassets in Resources */ = {isa = PBXBuildFile; fileRef = 0210C64029AA001E001DAD74 /* Assets.xcassets */; };
		0210C64429AA001E001DAD74 /* Preview Assets.xcassets in Resources */ = {isa = PBXBuildFile; fileRef = 0210C64329AA001E001DAD74 /* Preview Assets.xcassets */; };
		0210C64B29AA6A53001DAD74 /* TabBarView.swift in Sources */ = {isa = PBXBuildFile; fileRef = 0210C64A29AA6A53001DAD74 /* TabBarView.swift */; };
		0210C64D29AA6B84001DAD74 /* TodayView.swift in Sources */ = {isa = PBXBuildFile; fileRef = 0210C64C29AA6B84001DAD74 /* TodayView.swift */; };
		0210C64F29AA6B93001DAD74 /* ClientsView.swift in Sources */ = {isa = PBXBuildFile; fileRef = 0210C64E29AA6B93001DAD74 /* ClientsView.swift */; };
		0210C65129AA6BA5001DAD74 /* ExerciseView.swift in Sources */ = {isa = PBXBuildFile; fileRef = 0210C65029AA6BA5001DAD74 /* ExerciseView.swift */; };
		0210C65329AA6BBB001DAD74 /* TrainingPlansView.swift in Sources */ = {isa = PBXBuildFile; fileRef = 0210C65229AA6BBB001DAD74 /* TrainingPlansView.swift */; };
		0210C65529AA6BC4001DAD74 /* FoodPlansView.swift in Sources */ = {isa = PBXBuildFile; fileRef = 0210C65429AA6BC4001DAD74 /* FoodPlansView.swift */; };
		0210C65729AA6C3A001DAD74 /* MeasurementsView.swift in Sources */ = {isa = PBXBuildFile; fileRef = 0210C65629AA6C3A001DAD74 /* MeasurementsView.swift */; };
		0210C65929AA6C54001DAD74 /* ProgressPhotosView.swift in Sources */ = {isa = PBXBuildFile; fileRef = 0210C65829AA6C54001DAD74 /* ProgressPhotosView.swift */; };
		0210C65B29AA6C62001DAD74 /* WhiteboardView.swift in Sources */ = {isa = PBXBuildFile; fileRef = 0210C65A29AA6C62001DAD74 /* WhiteboardView.swift */; };
		0210C65E29AA74F2001DAD74 /* SwiftUIX in Frameworks */ = {isa = PBXBuildFile; productRef = 0210C65D29AA74F2001DAD74 /* SwiftUIX */; };
		0210C66229B9EAAB001DAD74 /* RotationViewModifier.swift in Sources */ = {isa = PBXBuildFile; fileRef = 0210C66129B9EAAB001DAD74 /* RotationViewModifier.swift */; };
		0210C66429BA6A10001DAD74 /* TestModel.swift in Sources */ = {isa = PBXBuildFile; fileRef = 0210C66329BA6A10001DAD74 /* TestModel.swift */; };
		0210C66A29BA77EB001DAD74 /* ClientsModel.swift in Sources */ = {isa = PBXBuildFile; fileRef = 0210C66929BA77EB001DAD74 /* ClientsModel.swift */; };
		0210C66D29BB41A7001DAD74 /* ClientsViewModel.swift in Sources */ = {isa = PBXBuildFile; fileRef = 0210C66C29BB41A7001DAD74 /* ClientsViewModel.swift */; };
		0243FB6E29BBF6EE003ECC8C /* AccountModel.swift in Sources */ = {isa = PBXBuildFile; fileRef = 0243FB6D29BBF6EE003ECC8C /* AccountModel.swift */; };
		0243FB7029BC0188003ECC8C /* MockDataModel.swift in Sources */ = {isa = PBXBuildFile; fileRef = 0243FB6F29BC0188003ECC8C /* MockDataModel.swift */; };
		0243FB7229C0DC9F003ECC8C /* NavigationSplitViewThreeColumn.swift in Sources */ = {isa = PBXBuildFile; fileRef = 0243FB7129C0DC9F003ECC8C /* NavigationSplitViewThreeColumn.swift */; };
		02D26F6229CF8557000A49E0 /* GridListView.swift in Sources */ = {isa = PBXBuildFile; fileRef = 02D26F6129CF8557000A49E0 /* GridListView.swift */; };
		02D5905F29C25CC2007C6AAB /* SplitViewExtension.swift in Sources */ = {isa = PBXBuildFile; fileRef = 02D5905E29C25CC2007C6AAB /* SplitViewExtension.swift */; };
		02D5906329C35AFD007C6AAB /* ClientDetailView.swift in Sources */ = {isa = PBXBuildFile; fileRef = 02D5906229C35AFD007C6AAB /* ClientDetailView.swift */; };
		02D5906529C36917007C6AAB /* AppDetailView.swift in Sources */ = {isa = PBXBuildFile; fileRef = 02D5906429C36917007C6AAB /* AppDetailView.swift */; };
		02D5906729C4F41B007C6AAB /* InfoRowView.swift in Sources */ = {isa = PBXBuildFile; fileRef = 02D5906629C4F41B007C6AAB /* InfoRowView.swift */; };
		02D5906929C4FBBF007C6AAB /* TrainingPlanListView.swift in Sources */ = {isa = PBXBuildFile; fileRef = 02D5906829C4FBBF007C6AAB /* TrainingPlanListView.swift */; };
		02D5906D29C50169007C6AAB /* TrainingPlanCard.swift in Sources */ = {isa = PBXBuildFile; fileRef = 02D5906C29C50169007C6AAB /* TrainingPlanCard.swift */; };
		02D5906F29C607C8007C6AAB /* NavigationSplitViewThreeX.swift in Sources */ = {isa = PBXBuildFile; fileRef = 02D5906E29C607C8007C6AAB /* NavigationSplitViewThreeX.swift */; };
		02D5907329C766F7007C6AAB /* SearchBar.swift in Sources */ = {isa = PBXBuildFile; fileRef = 02D5907229C766F7007C6AAB /* SearchBar.swift */; };
		02D5907629C7684C007C6AAB /* ExerciseDetailView.swift in Sources */ = {isa = PBXBuildFile; fileRef = 02D5907529C7684C007C6AAB /* ExerciseDetailView.swift */; };
		02D5907A29C79501007C6AAB /* ItemCard.swift in Sources */ = {isa = PBXBuildFile; fileRef = 02D5907929C79501007C6AAB /* ItemCard.swift */; };
		02D5907C29C79737007C6AAB /* ItemListView.swift in Sources */ = {isa = PBXBuildFile; fileRef = 02D5907B29C79737007C6AAB /* ItemListView.swift */; };
		02D5908029C7A795007C6AAB /* SideBar.swift in Sources */ = {isa = PBXBuildFile; fileRef = 02D5907F29C7A795007C6AAB /* SideBar.swift */; };
/* End PBXBuildFile section */

/* Begin PBXFileReference section */
		0210C63929AA001C001DAD74 /* Diploma_2023.app */ = {isa = PBXFileReference; explicitFileType = wrapper.application; includeInIndex = 0; path = Diploma_2023.app; sourceTree = BUILT_PRODUCTS_DIR; };
		0210C63C29AA001C001DAD74 /* Diploma_2023App.swift */ = {isa = PBXFileReference; lastKnownFileType = sourcecode.swift; path = Diploma_2023App.swift; sourceTree = "<group>"; };
		0210C64029AA001E001DAD74 /* Assets.xcassets */ = {isa = PBXFileReference; lastKnownFileType = folder.assetcatalog; path = Assets.xcassets; sourceTree = "<group>"; };
		0210C64329AA001E001DAD74 /* Preview Assets.xcassets */ = {isa = PBXFileReference; lastKnownFileType = folder.assetcatalog; path = "Preview Assets.xcassets"; sourceTree = "<group>"; };
		0210C64A29AA6A53001DAD74 /* TabBarView.swift */ = {isa = PBXFileReference; lastKnownFileType = sourcecode.swift; path = TabBarView.swift; sourceTree = "<group>"; };
		0210C64C29AA6B84001DAD74 /* TodayView.swift */ = {isa = PBXFileReference; lastKnownFileType = sourcecode.swift; path = TodayView.swift; sourceTree = "<group>"; };
		0210C64E29AA6B93001DAD74 /* ClientsView.swift */ = {isa = PBXFileReference; lastKnownFileType = sourcecode.swift; path = ClientsView.swift; sourceTree = "<group>"; };
		0210C65029AA6BA5001DAD74 /* ExerciseView.swift */ = {isa = PBXFileReference; lastKnownFileType = sourcecode.swift; path = ExerciseView.swift; sourceTree = "<group>"; };
		0210C65229AA6BBB001DAD74 /* TrainingPlansView.swift */ = {isa = PBXFileReference; lastKnownFileType = sourcecode.swift; path = TrainingPlansView.swift; sourceTree = "<group>"; };
		0210C65429AA6BC4001DAD74 /* FoodPlansView.swift */ = {isa = PBXFileReference; lastKnownFileType = sourcecode.swift; path = FoodPlansView.swift; sourceTree = "<group>"; };
		0210C65629AA6C3A001DAD74 /* MeasurementsView.swift */ = {isa = PBXFileReference; lastKnownFileType = sourcecode.swift; path = MeasurementsView.swift; sourceTree = "<group>"; };
		0210C65829AA6C54001DAD74 /* ProgressPhotosView.swift */ = {isa = PBXFileReference; lastKnownFileType = sourcecode.swift; path = ProgressPhotosView.swift; sourceTree = "<group>"; };
		0210C65A29AA6C62001DAD74 /* WhiteboardView.swift */ = {isa = PBXFileReference; lastKnownFileType = sourcecode.swift; path = WhiteboardView.swift; sourceTree = "<group>"; };
		0210C66129B9EAAB001DAD74 /* RotationViewModifier.swift */ = {isa = PBXFileReference; lastKnownFileType = sourcecode.swift; path = RotationViewModifier.swift; sourceTree = "<group>"; };
		0210C66329BA6A10001DAD74 /* TestModel.swift */ = {isa = PBXFileReference; lastKnownFileType = sourcecode.swift; path = TestModel.swift; sourceTree = "<group>"; };
		0210C66929BA77EB001DAD74 /* ClientsModel.swift */ = {isa = PBXFileReference; lastKnownFileType = sourcecode.swift; path = ClientsModel.swift; sourceTree = "<group>"; };
		0210C66C29BB41A7001DAD74 /* ClientsViewModel.swift */ = {isa = PBXFileReference; lastKnownFileType = sourcecode.swift; path = ClientsViewModel.swift; sourceTree = "<group>"; };
		0243FB6D29BBF6EE003ECC8C /* AccountModel.swift */ = {isa = PBXFileReference; lastKnownFileType = sourcecode.swift; path = AccountModel.swift; sourceTree = "<group>"; };
		0243FB6F29BC0188003ECC8C /* MockDataModel.swift */ = {isa = PBXFileReference; lastKnownFileType = sourcecode.swift; path = MockDataModel.swift; sourceTree = "<group>"; };
		0243FB7129C0DC9F003ECC8C /* NavigationSplitViewThreeColumn.swift */ = {isa = PBXFileReference; lastKnownFileType = sourcecode.swift; path = NavigationSplitViewThreeColumn.swift; sourceTree = "<group>"; };
		02D26F6129CF8557000A49E0 /* GridListView.swift */ = {isa = PBXFileReference; lastKnownFileType = sourcecode.swift; path = GridListView.swift; sourceTree = "<group>"; };
		02D5905E29C25CC2007C6AAB /* SplitViewExtension.swift */ = {isa = PBXFileReference; lastKnownFileType = sourcecode.swift; path = SplitViewExtension.swift; sourceTree = "<group>"; };
		02D5906229C35AFD007C6AAB /* ClientDetailView.swift */ = {isa = PBXFileReference; lastKnownFileType = sourcecode.swift; path = ClientDetailView.swift; sourceTree = "<group>"; };
		02D5906429C36917007C6AAB /* AppDetailView.swift */ = {isa = PBXFileReference; lastKnownFileType = sourcecode.swift; path = AppDetailView.swift; sourceTree = "<group>"; };
		02D5906629C4F41B007C6AAB /* InfoRowView.swift */ = {isa = PBXFileReference; lastKnownFileType = sourcecode.swift; path = InfoRowView.swift; sourceTree = "<group>"; };
		02D5906829C4FBBF007C6AAB /* TrainingPlanListView.swift */ = {isa = PBXFileReference; lastKnownFileType = sourcecode.swift; path = TrainingPlanListView.swift; sourceTree = "<group>"; };
		02D5906C29C50169007C6AAB /* TrainingPlanCard.swift */ = {isa = PBXFileReference; lastKnownFileType = sourcecode.swift; path = TrainingPlanCard.swift; sourceTree = "<group>"; };
		02D5906E29C607C8007C6AAB /* NavigationSplitViewThreeX.swift */ = {isa = PBXFileReference; lastKnownFileType = sourcecode.swift; path = NavigationSplitViewThreeX.swift; sourceTree = "<group>"; };
		02D5907129C74081007C6AAB /* ThreeColumnSplitLayout.swift */ = {isa = PBXFileReference; lastKnownFileType = sourcecode.swift; path = ThreeColumnSplitLayout.swift; sourceTree = "<group>"; };
		02D5907229C766F7007C6AAB /* SearchBar.swift */ = {isa = PBXFileReference; lastKnownFileType = sourcecode.swift; path = SearchBar.swift; sourceTree = "<group>"; };
		02D5907529C7684C007C6AAB /* ExerciseDetailView.swift */ = {isa = PBXFileReference; lastKnownFileType = sourcecode.swift; path = ExerciseDetailView.swift; sourceTree = "<group>"; };
		02D5907929C79501007C6AAB /* ItemCard.swift */ = {isa = PBXFileReference; lastKnownFileType = sourcecode.swift; path = ItemCard.swift; sourceTree = "<group>"; };
		02D5907B29C79737007C6AAB /* ItemListView.swift */ = {isa = PBXFileReference; lastKnownFileType = sourcecode.swift; path = ItemListView.swift; sourceTree = "<group>"; };
		02D5907F29C7A795007C6AAB /* SideBar.swift */ = {isa = PBXFileReference; lastKnownFileType = sourcecode.swift; path = SideBar.swift; sourceTree = "<group>"; };
/* End PBXFileReference section */

/* Begin PBXFrameworksBuildPhase section */
		0210C63629AA001C001DAD74 /* Frameworks */ = {
			isa = PBXFrameworksBuildPhase;
			buildActionMask = 2147483647;
			files = (
				0210C65E29AA74F2001DAD74 /* SwiftUIX in Frameworks */,
			);
			runOnlyForDeploymentPostprocessing = 0;
		};
/* End PBXFrameworksBuildPhase section */

/* Begin PBXGroup section */
		0210C63029AA001C001DAD74 = {
			isa = PBXGroup;
			children = (
				02D5907029C73FAC007C6AAB /* Archived */,
				0210C63B29AA001C001DAD74 /* Diploma_2023 */,
				0210C63A29AA001C001DAD74 /* Products */,
			);
			sourceTree = "<group>";
		};
		0210C63A29AA001C001DAD74 /* Products */ = {
			isa = PBXGroup;
			children = (
				0210C63929AA001C001DAD74 /* Diploma_2023.app */,
			);
			name = Products;
			sourceTree = "<group>";
		};
		0210C63B29AA001C001DAD74 /* Diploma_2023 */ = {
			isa = PBXGroup;
			children = (
				02D5905D29C25C9E007C6AAB /* Extensions */,
				0243FB7329C0E64E003ECC8C /* Custom Views */,
				0243FB6C29BBF6D2003ECC8C /* Account */,
				0210C66829BA77DD001DAD74 /* Models */,
				0210C63C29AA001C001DAD74 /* Diploma_2023App.swift */,
				0210C64029AA001E001DAD74 /* Assets.xcassets */,
				0210C64229AA001E001DAD74 /* Preview Content */,
				02D5908829C8EBE5007C6AAB /* Screens */,
				0210C66529BA6B1F001DAD74 /* TTEST */,
			);
			path = Diploma_2023;
			sourceTree = "<group>";
		};
		0210C64229AA001E001DAD74 /* Preview Content */ = {
			isa = PBXGroup;
			children = (
				0210C64329AA001E001DAD74 /* Preview Assets.xcassets */,
			);
			path = "Preview Content";
			sourceTree = "<group>";
		};
		0210C66529BA6B1F001DAD74 /* TTEST */ = {
			isa = PBXGroup;
			children = (
				0210C66329BA6A10001DAD74 /* TestModel.swift */,
				0243FB7129C0DC9F003ECC8C /* NavigationSplitViewThreeColumn.swift */,
				02D5906429C36917007C6AAB /* AppDetailView.swift */,
				02D5906E29C607C8007C6AAB /* NavigationSplitViewThreeX.swift */,
			);
			path = TTEST;
			sourceTree = "<group>";
		};
		0210C66829BA77DD001DAD74 /* Models */ = {
			isa = PBXGroup;
			children = (
				0243FB6D29BBF6EE003ECC8C /* AccountModel.swift */,
				0210C66929BA77EB001DAD74 /* ClientsModel.swift */,
				0243FB6F29BC0188003ECC8C /* MockDataModel.swift */,
			);
			path = Models;
			sourceTree = "<group>";
		};
		0210C66B29BB4186001DAD74 /* Clients */ = {
			isa = PBXGroup;
			children = (
				0210C64E29AA6B93001DAD74 /* ClientsView.swift */,
				0210C66C29BB41A7001DAD74 /* ClientsViewModel.swift */,
				02D5906229C35AFD007C6AAB /* ClientDetailView.swift */,
			);
			path = Clients;
			sourceTree = "<group>";
		};
		0243FB6C29BBF6D2003ECC8C /* Account */ = {
			isa = PBXGroup;
			children = (
			);
			path = Account;
			sourceTree = "<group>";
		};
		0243FB7329C0E64E003ECC8C /* Custom Views */ = {
			isa = PBXGroup;
			children = (
				02D26F6029CA4173000A49E0 /* Grid Lists */,
				02D5908129C7C961007C6AAB /* Horizontal Card List */,
				02D5906629C4F41B007C6AAB /* InfoRowView.swift */,
				02D5907229C766F7007C6AAB /* SearchBar.swift */,
				02D5907F29C7A795007C6AAB /* SideBar.swift */,
			);
			path = "Custom Views";
			sourceTree = "<group>";
		};
		02D26F6029CA4173000A49E0 /* Grid Lists */ = {
			isa = PBXGroup;
			children = (
				02D26F6129CF8557000A49E0 /* GridListView.swift */,
			);
			path = "Grid Lists";
			sourceTree = "<group>";
		};
		02D5905D29C25C9E007C6AAB /* Extensions */ = {
			isa = PBXGroup;
			children = (
				02D5905E29C25CC2007C6AAB /* SplitViewExtension.swift */,
			);
			path = Extensions;
			sourceTree = "<group>";
		};
		02D5907029C73FAC007C6AAB /* Archived */ = {
			isa = PBXGroup;
			children = (
				02D5907129C74081007C6AAB /* ThreeColumnSplitLayout.swift */,
			);
			path = Archived;
			sourceTree = "<group>";
		};
		02D5907429C7681D007C6AAB /* Excercises */ = {
			isa = PBXGroup;
			children = (
				0210C65029AA6BA5001DAD74 /* ExerciseView.swift */,
				02D5907529C7684C007C6AAB /* ExerciseDetailView.swift */,
			);
			path = Excercises;
			sourceTree = "<group>";
		};
		02D5908129C7C961007C6AAB /* Horizontal Card List */ = {
			isa = PBXGroup;
			children = (
				02D5906829C4FBBF007C6AAB /* TrainingPlanListView.swift */,
				02D5906C29C50169007C6AAB /* TrainingPlanCard.swift */,
				02D5907B29C79737007C6AAB /* ItemListView.swift */,
				02D5907929C79501007C6AAB /* ItemCard.swift */,
			);
			path = "Horizontal Card List";
			sourceTree = "<group>";
		};
		02D5908629C8EBB0007C6AAB /* TrainingPlans */ = {
			isa = PBXGroup;
			children = (
				0210C65229AA6BBB001DAD74 /* TrainingPlansView.swift */,
			);
			path = TrainingPlans;
			sourceTree = "<group>";
		};
		02D5908729C8EBC1007C6AAB /* TodayView */ = {
			isa = PBXGroup;
			children = (
				0210C66129B9EAAB001DAD74 /* RotationViewModifier.swift */,
				0210C64C29AA6B84001DAD74 /* TodayView.swift */,
			);
			path = TodayView;
			sourceTree = "<group>";
		};
		02D5908829C8EBE5007C6AAB /* Screens */ = {
			isa = PBXGroup;
			children = (
				0210C64A29AA6A53001DAD74 /* TabBarView.swift */,
				0210C65A29AA6C62001DAD74 /* WhiteboardView.swift */,
				0210C65829AA6C54001DAD74 /* ProgressPhotosView.swift */,
				02D5908A29C8EC2B007C6AAB /* Measurements */,
				02D5908929C8EC0F007C6AAB /* FoodPlans */,
				02D5908729C8EBC1007C6AAB /* TodayView */,
				0210C66B29BB4186001DAD74 /* Clients */,
				02D5907429C7681D007C6AAB /* Excercises */,
				02D5908629C8EBB0007C6AAB /* TrainingPlans */,
			);
			path = Screens;
			sourceTree = "<group>";
		};
		02D5908929C8EC0F007C6AAB /* FoodPlans */ = {
			isa = PBXGroup;
			children = (
				0210C65429AA6BC4001DAD74 /* FoodPlansView.swift */,
			);
			path = FoodPlans;
			sourceTree = "<group>";
		};
		02D5908A29C8EC2B007C6AAB /* Measurements */ = {
			isa = PBXGroup;
			children = (
				0210C65629AA6C3A001DAD74 /* MeasurementsView.swift */,
			);
			path = Measurements;
			sourceTree = "<group>";
		};
/* End PBXGroup section */

/* Begin PBXNativeTarget section */
		0210C63829AA001C001DAD74 /* Diploma_2023 */ = {
			isa = PBXNativeTarget;
			buildConfigurationList = 0210C64729AA001E001DAD74 /* Build configuration list for PBXNativeTarget "Diploma_2023" */;
			buildPhases = (
				0210C63529AA001C001DAD74 /* Sources */,
				0210C63629AA001C001DAD74 /* Frameworks */,
				0210C63729AA001C001DAD74 /* Resources */,
			);
			buildRules = (
			);
			dependencies = (
			);
			name = Diploma_2023;
			packageProductDependencies = (
				0210C65D29AA74F2001DAD74 /* SwiftUIX */,
			);
			productName = Diploma_2023;
			productReference = 0210C63929AA001C001DAD74 /* Diploma_2023.app */;
			productType = "com.apple.product-type.application";
		};
/* End PBXNativeTarget section */

/* Begin PBXProject section */
		0210C63129AA001C001DAD74 /* Project object */ = {
			isa = PBXProject;
			attributes = {
				BuildIndependentTargetsInParallel = 1;
				LastSwiftUpdateCheck = 1420;
				LastUpgradeCheck = 1420;
				TargetAttributes = {
					0210C63829AA001C001DAD74 = {
						CreatedOnToolsVersion = 14.2;
					};
				};
			};
			buildConfigurationList = 0210C63429AA001C001DAD74 /* Build configuration list for PBXProject "Diploma_2023" */;
			compatibilityVersion = "Xcode 14.0";
			developmentRegion = en;
			hasScannedForEncodings = 0;
			knownRegions = (
				en,
				Base,
			);
			mainGroup = 0210C63029AA001C001DAD74;
			packageReferences = (
				0210C65C29AA74F2001DAD74 /* XCRemoteSwiftPackageReference "SwiftUIX" */,
			);
			productRefGroup = 0210C63A29AA001C001DAD74 /* Products */;
			projectDirPath = "";
			projectRoot = "";
			targets = (
				0210C63829AA001C001DAD74 /* Diploma_2023 */,
			);
		};
/* End PBXProject section */

/* Begin PBXResourcesBuildPhase section */
		0210C63729AA001C001DAD74 /* Resources */ = {
			isa = PBXResourcesBuildPhase;
			buildActionMask = 2147483647;
			files = (
				0210C64429AA001E001DAD74 /* Preview Assets.xcassets in Resources */,
				0210C64129AA001E001DAD74 /* Assets.xcassets in Resources */,
			);
			runOnlyForDeploymentPostprocessing = 0;
		};
/* End PBXResourcesBuildPhase section */

/* Begin PBXSourcesBuildPhase section */
		0210C63529AA001C001DAD74 /* Sources */ = {
			isa = PBXSourcesBuildPhase;
			buildActionMask = 2147483647;
			files = (
				0243FB7229C0DC9F003ECC8C /* NavigationSplitViewThreeColumn.swift in Sources */,
				02D5906529C36917007C6AAB /* AppDetailView.swift in Sources */,
				0210C65729AA6C3A001DAD74 /* MeasurementsView.swift in Sources */,
				02D5907629C7684C007C6AAB /* ExerciseDetailView.swift in Sources */,
				0210C65929AA6C54001DAD74 /* ProgressPhotosView.swift in Sources */,
				0210C64F29AA6B93001DAD74 /* ClientsView.swift in Sources */,
				02D26F6229CF8557000A49E0 /* GridListView.swift in Sources */,
				02D5906F29C607C8007C6AAB /* NavigationSplitViewThreeX.swift in Sources */,
				0210C65129AA6BA5001DAD74 /* ExerciseView.swift in Sources */,
				02D5907329C766F7007C6AAB /* SearchBar.swift in Sources */,
				0210C66429BA6A10001DAD74 /* TestModel.swift in Sources */,
				02D5906329C35AFD007C6AAB /* ClientDetailView.swift in Sources */,
				0210C66A29BA77EB001DAD74 /* ClientsModel.swift in Sources */,
				0210C64B29AA6A53001DAD74 /* TabBarView.swift in Sources */,
				02D5906D29C50169007C6AAB /* TrainingPlanCard.swift in Sources */,
				0243FB7029BC0188003ECC8C /* MockDataModel.swift in Sources */,
				0210C65329AA6BBB001DAD74 /* TrainingPlansView.swift in Sources */,
				0210C64D29AA6B84001DAD74 /* TodayView.swift in Sources */,
				02D5905F29C25CC2007C6AAB /* SplitViewExtension.swift in Sources */,
				0210C63D29AA001C001DAD74 /* Diploma_2023App.swift in Sources */,
				0243FB6E29BBF6EE003ECC8C /* AccountModel.swift in Sources */,
				02D5908029C7A795007C6AAB /* SideBar.swift in Sources */,
				0210C66D29BB41A7001DAD74 /* ClientsViewModel.swift in Sources */,
				0210C65B29AA6C62001DAD74 /* WhiteboardView.swift in Sources */,
				02D5907A29C79501007C6AAB /* ItemCard.swift in Sources */,
				02D5906929C4FBBF007C6AAB /* TrainingPlanListView.swift in Sources */,
				0210C65529AA6BC4001DAD74 /* FoodPlansView.swift in Sources */,
				0210C66229B9EAAB001DAD74 /* RotationViewModifier.swift in Sources */,
				02D5906729C4F41B007C6AAB /* InfoRowView.swift in Sources */,
				02D5907C29C79737007C6AAB /* ItemListView.swift in Sources */,
			);
			runOnlyForDeploymentPostprocessing = 0;
		};
/* End PBXSourcesBuildPhase section */

/* Begin XCBuildConfiguration section */
		0210C64529AA001E001DAD74 /* Debug */ = {
			isa = XCBuildConfiguration;
			buildSettings = {
				ALWAYS_SEARCH_USER_PATHS = NO;
				CLANG_ANALYZER_NONNULL = YES;
				CLANG_ANALYZER_NUMBER_OBJECT_CONVERSION = YES_AGGRESSIVE;
				CLANG_CXX_LANGUAGE_STANDARD = "gnu++20";
				CLANG_ENABLE_MODULES = YES;
				CLANG_ENABLE_OBJC_ARC = YES;
				CLANG_ENABLE_OBJC_WEAK = YES;
				CLANG_WARN_BLOCK_CAPTURE_AUTORELEASING = YES;
				CLANG_WARN_BOOL_CONVERSION = YES;
				CLANG_WARN_COMMA = YES;
				CLANG_WARN_CONSTANT_CONVERSION = YES;
				CLANG_WARN_DEPRECATED_OBJC_IMPLEMENTATIONS = YES;
				CLANG_WARN_DIRECT_OBJC_ISA_USAGE = YES_ERROR;
				CLANG_WARN_DOCUMENTATION_COMMENTS = YES;
				CLANG_WARN_EMPTY_BODY = YES;
				CLANG_WARN_ENUM_CONVERSION = YES;
				CLANG_WARN_INFINITE_RECURSION = YES;
				CLANG_WARN_INT_CONVERSION = YES;
				CLANG_WARN_NON_LITERAL_NULL_CONVERSION = YES;
				CLANG_WARN_OBJC_IMPLICIT_RETAIN_SELF = YES;
				CLANG_WARN_OBJC_LITERAL_CONVERSION = YES;
				CLANG_WARN_OBJC_ROOT_CLASS = YES_ERROR;
				CLANG_WARN_QUOTED_INCLUDE_IN_FRAMEWORK_HEADER = YES;
				CLANG_WARN_RANGE_LOOP_ANALYSIS = YES;
				CLANG_WARN_STRICT_PROTOTYPES = YES;
				CLANG_WARN_SUSPICIOUS_MOVE = YES;
				CLANG_WARN_UNGUARDED_AVAILABILITY = YES_AGGRESSIVE;
				CLANG_WARN_UNREACHABLE_CODE = YES;
				CLANG_WARN__DUPLICATE_METHOD_MATCH = YES;
				COPY_PHASE_STRIP = NO;
				DEBUG_INFORMATION_FORMAT = dwarf;
				ENABLE_STRICT_OBJC_MSGSEND = YES;
				ENABLE_TESTABILITY = YES;
				GCC_C_LANGUAGE_STANDARD = gnu11;
				GCC_DYNAMIC_NO_PIC = NO;
				GCC_NO_COMMON_BLOCKS = YES;
				GCC_OPTIMIZATION_LEVEL = 0;
				GCC_PREPROCESSOR_DEFINITIONS = (
					"DEBUG=1",
					"$(inherited)",
				);
				GCC_WARN_64_TO_32_BIT_CONVERSION = YES;
				GCC_WARN_ABOUT_RETURN_TYPE = YES_ERROR;
				GCC_WARN_UNDECLARED_SELECTOR = YES;
				GCC_WARN_UNINITIALIZED_AUTOS = YES_AGGRESSIVE;
				GCC_WARN_UNUSED_FUNCTION = YES;
				GCC_WARN_UNUSED_VARIABLE = YES;
				IPHONEOS_DEPLOYMENT_TARGET = 16.2;
				MTL_ENABLE_DEBUG_INFO = INCLUDE_SOURCE;
				MTL_FAST_MATH = YES;
				ONLY_ACTIVE_ARCH = YES;
				SDKROOT = iphoneos;
				SWIFT_ACTIVE_COMPILATION_CONDITIONS = DEBUG;
				SWIFT_OPTIMIZATION_LEVEL = "-Onone";
			};
			name = Debug;
		};
		0210C64629AA001E001DAD74 /* Release */ = {
			isa = XCBuildConfiguration;
			buildSettings = {
				ALWAYS_SEARCH_USER_PATHS = NO;
				CLANG_ANALYZER_NONNULL = YES;
				CLANG_ANALYZER_NUMBER_OBJECT_CONVERSION = YES_AGGRESSIVE;
				CLANG_CXX_LANGUAGE_STANDARD = "gnu++20";
				CLANG_ENABLE_MODULES = YES;
				CLANG_ENABLE_OBJC_ARC = YES;
				CLANG_ENABLE_OBJC_WEAK = YES;
				CLANG_WARN_BLOCK_CAPTURE_AUTORELEASING = YES;
				CLANG_WARN_BOOL_CONVERSION = YES;
				CLANG_WARN_COMMA = YES;
				CLANG_WARN_CONSTANT_CONVERSION = YES;
				CLANG_WARN_DEPRECATED_OBJC_IMPLEMENTATIONS = YES;
				CLANG_WARN_DIRECT_OBJC_ISA_USAGE = YES_ERROR;
				CLANG_WARN_DOCUMENTATION_COMMENTS = YES;
				CLANG_WARN_EMPTY_BODY = YES;
				CLANG_WARN_ENUM_CONVERSION = YES;
				CLANG_WARN_INFINITE_RECURSION = YES;
				CLANG_WARN_INT_CONVERSION = YES;
				CLANG_WARN_NON_LITERAL_NULL_CONVERSION = YES;
				CLANG_WARN_OBJC_IMPLICIT_RETAIN_SELF = YES;
				CLANG_WARN_OBJC_LITERAL_CONVERSION = YES;
				CLANG_WARN_OBJC_ROOT_CLASS = YES_ERROR;
				CLANG_WARN_QUOTED_INCLUDE_IN_FRAMEWORK_HEADER = YES;
				CLANG_WARN_RANGE_LOOP_ANALYSIS = YES;
				CLANG_WARN_STRICT_PROTOTYPES = YES;
				CLANG_WARN_SUSPICIOUS_MOVE = YES;
				CLANG_WARN_UNGUARDED_AVAILABILITY = YES_AGGRESSIVE;
				CLANG_WARN_UNREACHABLE_CODE = YES;
				CLANG_WARN__DUPLICATE_METHOD_MATCH = YES;
				COPY_PHASE_STRIP = NO;
				DEBUG_INFORMATION_FORMAT = "dwarf-with-dsym";
				ENABLE_NS_ASSERTIONS = NO;
				ENABLE_STRICT_OBJC_MSGSEND = YES;
				GCC_C_LANGUAGE_STANDARD = gnu11;
				GCC_NO_COMMON_BLOCKS = YES;
				GCC_WARN_64_TO_32_BIT_CONVERSION = YES;
				GCC_WARN_ABOUT_RETURN_TYPE = YES_ERROR;
				GCC_WARN_UNDECLARED_SELECTOR = YES;
				GCC_WARN_UNINITIALIZED_AUTOS = YES_AGGRESSIVE;
				GCC_WARN_UNUSED_FUNCTION = YES;
				GCC_WARN_UNUSED_VARIABLE = YES;
				IPHONEOS_DEPLOYMENT_TARGET = 16.2;
				MTL_ENABLE_DEBUG_INFO = NO;
				MTL_FAST_MATH = YES;
				SDKROOT = iphoneos;
				SWIFT_COMPILATION_MODE = wholemodule;
				SWIFT_OPTIMIZATION_LEVEL = "-O";
				VALIDATE_PRODUCT = YES;
			};
			name = Release;
		};
		0210C64829AA001E001DAD74 /* Debug */ = {
			isa = XCBuildConfiguration;
			buildSettings = {
				ASSETCATALOG_COMPILER_APPICON_NAME = AppIcon;
				ASSETCATALOG_COMPILER_GLOBAL_ACCENT_COLOR_NAME = AccentColor;
				CODE_SIGN_STYLE = Automatic;
				CURRENT_PROJECT_VERSION = 1;
				DEVELOPMENT_ASSET_PATHS = "\"Diploma_2023/Preview Content\"";
				DEVELOPMENT_TEAM = R6H92NGBR5;
				ENABLE_PREVIEWS = YES;
				GENERATE_INFOPLIST_FILE = YES;
				INFOPLIST_KEY_UIApplicationSceneManifest_Generation = YES;
				INFOPLIST_KEY_UIApplicationSupportsIndirectInputEvents = YES;
				INFOPLIST_KEY_UILaunchScreen_Generation = YES;
				INFOPLIST_KEY_UISupportedInterfaceOrientations_iPad = "UIInterfaceOrientationPortrait UIInterfaceOrientationPortraitUpsideDown UIInterfaceOrientationLandscapeLeft UIInterfaceOrientationLandscapeRight";
				INFOPLIST_KEY_UISupportedInterfaceOrientations_iPhone = "UIInterfaceOrientationPortrait UIInterfaceOrientationLandscapeLeft UIInterfaceOrientationLandscapeRight";
				LD_RUNPATH_SEARCH_PATHS = (
					"$(inherited)",
					"@executable_path/Frameworks",
				);
				MARKETING_VERSION = 1.0;
				PRODUCT_BUNDLE_IDENTIFIER = "co.martinbernat.Diploma-2023";
				PRODUCT_NAME = "$(TARGET_NAME)";
				SWIFT_EMIT_LOC_STRINGS = YES;
				SWIFT_VERSION = 5.0;
				TARGETED_DEVICE_FAMILY = "1,2";
			};
			name = Debug;
		};
		0210C64929AA001E001DAD74 /* Release */ = {
			isa = XCBuildConfiguration;
			buildSettings = {
				ASSETCATALOG_COMPILER_APPICON_NAME = AppIcon;
				ASSETCATALOG_COMPILER_GLOBAL_ACCENT_COLOR_NAME = AccentColor;
				CODE_SIGN_STYLE = Automatic;
				CURRENT_PROJECT_VERSION = 1;
				DEVELOPMENT_ASSET_PATHS = "\"Diploma_2023/Preview Content\"";
				DEVELOPMENT_TEAM = R6H92NGBR5;
				ENABLE_PREVIEWS = YES;
				GENERATE_INFOPLIST_FILE = YES;
				INFOPLIST_KEY_UIApplicationSceneManifest_Generation = YES;
				INFOPLIST_KEY_UIApplicationSupportsIndirectInputEvents = YES;
				INFOPLIST_KEY_UILaunchScreen_Generation = YES;
				INFOPLIST_KEY_UISupportedInterfaceOrientations_iPad = "UIInterfaceOrientationPortrait UIInterfaceOrientationPortraitUpsideDown UIInterfaceOrientationLandscapeLeft UIInterfaceOrientationLandscapeRight";
				INFOPLIST_KEY_UISupportedInterfaceOrientations_iPhone = "UIInterfaceOrientationPortrait UIInterfaceOrientationLandscapeLeft UIInterfaceOrientationLandscapeRight";
				LD_RUNPATH_SEARCH_PATHS = (
					"$(inherited)",
					"@executable_path/Frameworks",
				);
				MARKETING_VERSION = 1.0;
				PRODUCT_BUNDLE_IDENTIFIER = "co.martinbernat.Diploma-2023";
				PRODUCT_NAME = "$(TARGET_NAME)";
				SWIFT_EMIT_LOC_STRINGS = YES;
				SWIFT_VERSION = 5.0;
				TARGETED_DEVICE_FAMILY = "1,2";
			};
			name = Release;
		};
/* End XCBuildConfiguration section */

/* Begin XCConfigurationList section */
		0210C63429AA001C001DAD74 /* Build configuration list for PBXProject "Diploma_2023" */ = {
			isa = XCConfigurationList;
			buildConfigurations = (
				0210C64529AA001E001DAD74 /* Debug */,
				0210C64629AA001E001DAD74 /* Release */,
			);
			defaultConfigurationIsVisible = 0;
			defaultConfigurationName = Release;
		};
		0210C64729AA001E001DAD74 /* Build configuration list for PBXNativeTarget "Diploma_2023" */ = {
			isa = XCConfigurationList;
			buildConfigurations = (
				0210C64829AA001E001DAD74 /* Debug */,
				0210C64929AA001E001DAD74 /* Release */,
			);
			defaultConfigurationIsVisible = 0;
			defaultConfigurationName = Release;
		};
/* End XCConfigurationList section */

/* Begin XCRemoteSwiftPackageReference section */
		0210C65C29AA74F2001DAD74 /* XCRemoteSwiftPackageReference "SwiftUIX" */ = {
			isa = XCRemoteSwiftPackageReference;
			repositoryURL = "https://github.com/SwiftUIX/SwiftUIX";
			requirement = {
				kind = upToNextMajorVersion;
				minimumVersion = 0.1.4;
			};
		};
/* End XCRemoteSwiftPackageReference section */

/* Begin XCSwiftPackageProductDependency section */
		0210C65D29AA74F2001DAD74 /* SwiftUIX */ = {
			isa = XCSwiftPackageProductDependency;
			package = 0210C65C29AA74F2001DAD74 /* XCRemoteSwiftPackageReference "SwiftUIX" */;
			productName = SwiftUIX;
		};
/* End XCSwiftPackageProductDependency section */
	};
	rootObject = 0210C63129AA001C001DAD74 /* Project object */;
}
